// !$*UTF8*$!
{
	archiveVersion = 1;
	classes = {
	};
	objectVersion = 46;
	objects = {

/* Begin PBXBuildFile section */
		2F3398611C02DD9400B22C38 /* Exercise.swift in Sources */ = {isa = PBXBuildFile; fileRef = 2F3398601C02DD9400B22C38 /* Exercise.swift */; };
		2F3398651C02E49300B22C38 /* ExerciseListTVCCell.swift in Sources */ = {isa = PBXBuildFile; fileRef = 2F3398641C02E49300B22C38 /* ExerciseListTVCCell.swift */; };
		2F3398691C02E5AC00B22C38 /* ExerciseListTVC.swift in Sources */ = {isa = PBXBuildFile; fileRef = 2F3398681C02E5AC00B22C38 /* ExerciseListTVC.swift */; };
		2F9C35E31BEC5AF600FF14B3 /* AppDelegate.swift in Sources */ = {isa = PBXBuildFile; fileRef = 2F9C35E21BEC5AF600FF14B3 /* AppDelegate.swift */; };
		2F9C35E51BEC5AF600FF14B3 /* LogInVC.swift in Sources */ = {isa = PBXBuildFile; fileRef = 2F9C35E41BEC5AF600FF14B3 /* LogInVC.swift */; };
		2F9C35E81BEC5AF600FF14B3 /* Main.storyboard in Resources */ = {isa = PBXBuildFile; fileRef = 2F9C35E61BEC5AF600FF14B3 /* Main.storyboard */; };
		2F9C35EA1BEC5AF600FF14B3 /* Images.xcassets in Resources */ = {isa = PBXBuildFile; fileRef = 2F9C35E91BEC5AF600FF14B3 /* Images.xcassets */; };
		2F9C35ED1BEC5AF600FF14B3 /* LaunchScreen.xib in Resources */ = {isa = PBXBuildFile; fileRef = 2F9C35EB1BEC5AF600FF14B3 /* LaunchScreen.xib */; };
		2F9C35F91BEC5AF600FF14B3 /* PhysioGuide_6_3_latestTests.swift in Sources */ = {isa = PBXBuildFile; fileRef = 2F9C35F81BEC5AF600FF14B3 /* PhysioGuide_6_3_latestTests.swift */; };
		2F9C36031BEC5B3000FF14B3 /* MainMenuVC.swift in Sources */ = {isa = PBXBuildFile; fileRef = 2F9C36021BEC5B3000FF14B3 /* MainMenuVC.swift */; };
		2F9C36051BEC5C4B00FF14B3 /* AccountCreationVC.swift in Sources */ = {isa = PBXBuildFile; fileRef = 2F9C36041BEC5C4B00FF14B3 /* AccountCreationVC.swift */; };
		2F9C36071BEC5C8000FF14B3 /* RoutinesVC.swift in Sources */ = {isa = PBXBuildFile; fileRef = 2F9C36061BEC5C8000FF14B3 /* RoutinesVC.swift */; };
		2F9C36091BEC5C9100FF14B3 /* ExercisesVC.swift in Sources */ = {isa = PBXBuildFile; fileRef = 2F9C36081BEC5C9100FF14B3 /* ExercisesVC.swift */; };
		2F9C360B1BEC5C9B00FF14B3 /* StatsVC.swift in Sources */ = {isa = PBXBuildFile; fileRef = 2F9C360A1BEC5C9B00FF14B3 /* StatsVC.swift */; };
		2FE886BA1C014142004AB66E /* CreateRoutineVC.swift in Sources */ = {isa = PBXBuildFile; fileRef = 2FE886B91C014142004AB66E /* CreateRoutineVC.swift */; };
		2FE886BC1C015855004AB66E /* CurrentRoutine.swift in Sources */ = {isa = PBXBuildFile; fileRef = 2FE886BB1C015855004AB66E /* CurrentRoutine.swift */; };
		2FE886BE1C015AA0004AB66E /* CollectionViewCell.swift in Sources */ = {isa = PBXBuildFile; fileRef = 2FE886BD1C015AA0004AB66E /* CollectionViewCell.swift */; };
		95015AB71BF67A0200E358D6 /* Account.swift in Sources */ = {isa = PBXBuildFile; fileRef = 95015AB61BF67A0200E358D6 /* Account.swift */; };
		9521D8AF1BEEEF38008F71C9 /* ExercisesTVC.swift in Sources */ = {isa = PBXBuildFile; fileRef = 9521D8AE1BEEEF38008F71C9 /* ExercisesTVC.swift */; };
		9521D8B31BEF230B008F71C9 /* RoutineTVC.swift in Sources */ = {isa = PBXBuildFile; fileRef = 9521D8B21BEF230B008F71C9 /* RoutineTVC.swift */; };
		953851061BF171C5009BC801 /* Routines.swift in Sources */ = {isa = PBXBuildFile; fileRef = 953851051BF171C5009BC801 /* Routines.swift */; };
		9571ADE31BF168410058FC04 /* RunRoutineVC.swift in Sources */ = {isa = PBXBuildFile; fileRef = 9571ADE21BF168410058FC04 /* RunRoutineVC.swift */; };
		D461DAD01C06C79D003166F0 /* UpdatedExerciseTableViewCell.swift in Sources */ = {isa = PBXBuildFile; fileRef = D461DACF1C06C79D003166F0 /* UpdatedExerciseTableViewCell.swift */; };
		D461DAD21C06CF49003166F0 /* UpdatedExerciseTableViewController.swift in Sources */ = {isa = PBXBuildFile; fileRef = D461DAD11C06CF49003166F0 /* UpdatedExerciseTableViewController.swift */; };
		D461DAD41C06D96E003166F0 /* UpdatedExerciseViewController.swift in Sources */ = {isa = PBXBuildFile; fileRef = D461DAD31C06D96E003166F0 /* UpdatedExerciseViewController.swift */; };
		D461DAD61C070AC0003166F0 /* UpdatedExerciseTVC.swift in Sources */ = {isa = PBXBuildFile; fileRef = D461DAD51C070AC0003166F0 /* UpdatedExerciseTVC.swift */; };
		D4FFDD201C037A840022F22E /* YouTubePlayer.framework in Frameworks */ = {isa = PBXBuildFile; fileRef = D4FFDD1F1C037A840022F22E /* YouTubePlayer.framework */; };
		D4FFDD231C037B700022F22E /* Pods_PhysioGuide_7.framework in Frameworks */ = {isa = PBXBuildFile; fileRef = D4FFDD221C037B700022F22E /* Pods_PhysioGuide_7.framework */; };
/* End PBXBuildFile section */

/* Begin PBXContainerItemProxy section */
		2F9C35F31BEC5AF600FF14B3 /* PBXContainerItemProxy */ = {
			isa = PBXContainerItemProxy;
			containerPortal = 2F9C35D51BEC5AF600FF14B3 /* Project object */;
			proxyType = 1;
			remoteGlobalIDString = 2F9C35DC1BEC5AF600FF14B3;
			remoteInfo = PhysioGuide_6.3_latest;
		};
/* End PBXContainerItemProxy section */

/* Begin PBXFileReference section */
		2F3398601C02DD9400B22C38 /* Exercise.swift */ = {isa = PBXFileReference; fileEncoding = 4; lastKnownFileType = sourcecode.swift; path = Exercise.swift; sourceTree = "<group>"; };
		2F3398641C02E49300B22C38 /* ExerciseListTVCCell.swift */ = {isa = PBXFileReference; fileEncoding = 4; lastKnownFileType = sourcecode.swift; path = ExerciseListTVCCell.swift; sourceTree = "<group>"; };
		2F3398681C02E5AC00B22C38 /* ExerciseListTVC.swift */ = {isa = PBXFileReference; fileEncoding = 4; lastKnownFileType = sourcecode.swift; path = ExerciseListTVC.swift; sourceTree = "<group>"; };
		2F9C35DD1BEC5AF600FF14B3 /* PhysioGuide_7.app */ = {isa = PBXFileReference; explicitFileType = wrapper.application; includeInIndex = 0; path = PhysioGuide_7.app; sourceTree = BUILT_PRODUCTS_DIR; };
		2F9C35E11BEC5AF600FF14B3 /* Info.plist */ = {isa = PBXFileReference; lastKnownFileType = text.plist.xml; path = Info.plist; sourceTree = "<group>"; };
		2F9C35E21BEC5AF600FF14B3 /* AppDelegate.swift */ = {isa = PBXFileReference; lastKnownFileType = sourcecode.swift; path = AppDelegate.swift; sourceTree = "<group>"; };
		2F9C35E41BEC5AF600FF14B3 /* LogInVC.swift */ = {isa = PBXFileReference; lastKnownFileType = sourcecode.swift; path = LogInVC.swift; sourceTree = "<group>"; };
		2F9C35E71BEC5AF600FF14B3 /* Base */ = {isa = PBXFileReference; lastKnownFileType = file.storyboard; name = Base; path = Base.lproj/Main.storyboard; sourceTree = "<group>"; };
		2F9C35E91BEC5AF600FF14B3 /* Images.xcassets */ = {isa = PBXFileReference; lastKnownFileType = folder.assetcatalog; path = Images.xcassets; sourceTree = "<group>"; };
		2F9C35EC1BEC5AF600FF14B3 /* Base */ = {isa = PBXFileReference; lastKnownFileType = file.xib; name = Base; path = Base.lproj/LaunchScreen.xib; sourceTree = "<group>"; };
		2F9C35F21BEC5AF600FF14B3 /* PhysioGuide_7.xctest */ = {isa = PBXFileReference; explicitFileType = wrapper.cfbundle; includeInIndex = 0; path = PhysioGuide_7.xctest; sourceTree = BUILT_PRODUCTS_DIR; };
		2F9C35F71BEC5AF600FF14B3 /* Info.plist */ = {isa = PBXFileReference; lastKnownFileType = text.plist.xml; path = Info.plist; sourceTree = "<group>"; };
		2F9C35F81BEC5AF600FF14B3 /* PhysioGuide_6_3_latestTests.swift */ = {isa = PBXFileReference; lastKnownFileType = sourcecode.swift; path = PhysioGuide_6_3_latestTests.swift; sourceTree = "<group>"; };
		2F9C36021BEC5B3000FF14B3 /* MainMenuVC.swift */ = {isa = PBXFileReference; fileEncoding = 4; lastKnownFileType = sourcecode.swift; path = MainMenuVC.swift; sourceTree = "<group>"; };
		2F9C36041BEC5C4B00FF14B3 /* AccountCreationVC.swift */ = {isa = PBXFileReference; fileEncoding = 4; lastKnownFileType = sourcecode.swift; path = AccountCreationVC.swift; sourceTree = "<group>"; };
		2F9C36061BEC5C8000FF14B3 /* RoutinesVC.swift */ = {isa = PBXFileReference; fileEncoding = 4; lastKnownFileType = sourcecode.swift; path = RoutinesVC.swift; sourceTree = "<group>"; };
		2F9C36081BEC5C9100FF14B3 /* ExercisesVC.swift */ = {isa = PBXFileReference; fileEncoding = 4; lastKnownFileType = sourcecode.swift; path = ExercisesVC.swift; sourceTree = "<group>"; };
		2F9C360A1BEC5C9B00FF14B3 /* StatsVC.swift */ = {isa = PBXFileReference; fileEncoding = 4; lastKnownFileType = sourcecode.swift; path = StatsVC.swift; sourceTree = "<group>"; };
		2FE886B91C014142004AB66E /* CreateRoutineVC.swift */ = {isa = PBXFileReference; fileEncoding = 4; lastKnownFileType = sourcecode.swift; path = CreateRoutineVC.swift; sourceTree = "<group>"; };
		2FE886BB1C015855004AB66E /* CurrentRoutine.swift */ = {isa = PBXFileReference; fileEncoding = 4; lastKnownFileType = sourcecode.swift; path = CurrentRoutine.swift; sourceTree = "<group>"; };
		2FE886BD1C015AA0004AB66E /* CollectionViewCell.swift */ = {isa = PBXFileReference; fileEncoding = 4; lastKnownFileType = sourcecode.swift; path = CollectionViewCell.swift; sourceTree = "<group>"; };
		6E6B059F3445DA7741D68EF4 /* Pods-PhysioGuide_7.release.xcconfig */ = {isa = PBXFileReference; includeInIndex = 1; lastKnownFileType = text.xcconfig; name = "Pods-PhysioGuide_7.release.xcconfig"; path = "Pods/Target Support Files/Pods-PhysioGuide_7/Pods-PhysioGuide_7.release.xcconfig"; sourceTree = "<group>"; };
		889AA6AAA55FAD65420352E4 /* Pods_PhysioGuide_7.framework */ = {isa = PBXFileReference; explicitFileType = wrapper.framework; includeInIndex = 0; path = Pods_PhysioGuide_7.framework; sourceTree = BUILT_PRODUCTS_DIR; };
		95015AB61BF67A0200E358D6 /* Account.swift */ = {isa = PBXFileReference; fileEncoding = 4; lastKnownFileType = sourcecode.swift; path = Account.swift; sourceTree = "<group>"; };
		9521D8AE1BEEEF38008F71C9 /* ExercisesTVC.swift */ = {isa = PBXFileReference; fileEncoding = 4; lastKnownFileType = sourcecode.swift; path = ExercisesTVC.swift; sourceTree = "<group>"; };
		9521D8B21BEF230B008F71C9 /* RoutineTVC.swift */ = {isa = PBXFileReference; fileEncoding = 4; lastKnownFileType = sourcecode.swift; path = RoutineTVC.swift; sourceTree = "<group>"; };
		953851051BF171C5009BC801 /* Routines.swift */ = {isa = PBXFileReference; fileEncoding = 4; lastKnownFileType = sourcecode.swift; path = Routines.swift; sourceTree = "<group>"; };
		953EC7B332A3AB3C57F7D14A /* Pods-PhysioGuide_7.debug.xcconfig */ = {isa = PBXFileReference; includeInIndex = 1; lastKnownFileType = text.xcconfig; name = "Pods-PhysioGuide_7.debug.xcconfig"; path = "Pods/Target Support Files/Pods-PhysioGuide_7/Pods-PhysioGuide_7.debug.xcconfig"; sourceTree = "<group>"; };
		9571ADE21BF168410058FC04 /* RunRoutineVC.swift */ = {isa = PBXFileReference; fileEncoding = 4; lastKnownFileType = sourcecode.swift; path = RunRoutineVC.swift; sourceTree = "<group>"; };
		D461DACF1C06C79D003166F0 /* UpdatedExerciseTableViewCell.swift */ = {isa = PBXFileReference; fileEncoding = 4; lastKnownFileType = sourcecode.swift; name = UpdatedExerciseTableViewCell.swift; path = ../UpdatedExerciseTableViewCell.swift; sourceTree = "<group>"; };
		D461DAD11C06CF49003166F0 /* UpdatedExerciseTableViewController.swift */ = {isa = PBXFileReference; fileEncoding = 4; lastKnownFileType = sourcecode.swift; path = UpdatedExerciseTableViewController.swift; sourceTree = "<group>"; };
		D461DAD31C06D96E003166F0 /* UpdatedExerciseViewController.swift */ = {isa = PBXFileReference; fileEncoding = 4; lastKnownFileType = sourcecode.swift; path = UpdatedExerciseViewController.swift; sourceTree = "<group>"; };
		D461DAD51C070AC0003166F0 /* UpdatedExerciseTVC.swift */ = {isa = PBXFileReference; fileEncoding = 4; lastKnownFileType = sourcecode.swift; path = UpdatedExerciseTVC.swift; sourceTree = "<group>"; };
		D4FFDD1F1C037A840022F22E /* YouTubePlayer.framework */ = {isa = PBXFileReference; lastKnownFileType = wrapper.framework; name = YouTubePlayer.framework; path = Carthage/Build/iOS/YouTubePlayer.framework; sourceTree = "<group>"; };
		D4FFDD221C037B700022F22E /* Pods_PhysioGuide_7.framework */ = {isa = PBXFileReference; lastKnownFileType = wrapper.framework; name = Pods_PhysioGuide_7.framework; path = "Pods/../build/Debug-iphoneos/Pods_PhysioGuide_7.framework"; sourceTree = "<group>"; };
/* End PBXFileReference section */

/* Begin PBXFrameworksBuildPhase section */
		2F9C35DA1BEC5AF600FF14B3 /* Frameworks */ = {
			isa = PBXFrameworksBuildPhase;
			buildActionMask = 2147483647;
			files = (
				D4FFDD231C037B700022F22E /* Pods_PhysioGuide_7.framework in Frameworks */,
				D4FFDD201C037A840022F22E /* YouTubePlayer.framework in Frameworks */,
			);
			runOnlyForDeploymentPostprocessing = 0;
		};
		2F9C35EF1BEC5AF600FF14B3 /* Frameworks */ = {
			isa = PBXFrameworksBuildPhase;
			buildActionMask = 2147483647;
			files = (
			);
			runOnlyForDeploymentPostprocessing = 0;
		};
/* End PBXFrameworksBuildPhase section */

/* Begin PBXGroup section */
		2F9C35D41BEC5AF600FF14B3 = {
			isa = PBXGroup;
			children = (
				2F9C35DF1BEC5AF600FF14B3 /* PhysioGuide_6.3_latest */,
				2F9C35F51BEC5AF600FF14B3 /* PhysioGuide_6.3_latestTests */,
				2F9C35DE1BEC5AF600FF14B3 /* Products */,
				E3FD3EF8E69F250F9F47379C /* Pods */,
				78203992197FE254FADA0CDB /* Frameworks */,
			);
			sourceTree = "<group>";
		};
		2F9C35DE1BEC5AF600FF14B3 /* Products */ = {
			isa = PBXGroup;
			children = (
				2F9C35DD1BEC5AF600FF14B3 /* PhysioGuide_7.app */,
				2F9C35F21BEC5AF600FF14B3 /* PhysioGuide_7.xctest */,
			);
			name = Products;
			sourceTree = "<group>";
		};
		2F9C35DF1BEC5AF600FF14B3 /* PhysioGuide_6.3_latest */ = {
			isa = PBXGroup;
			children = (
				2F9C35E21BEC5AF600FF14B3 /* AppDelegate.swift */,
				2F9C35E41BEC5AF600FF14B3 /* LogInVC.swift */,
				95015AB61BF67A0200E358D6 /* Account.swift */,
				2F9C36021BEC5B3000FF14B3 /* MainMenuVC.swift */,
				2F9C36041BEC5C4B00FF14B3 /* AccountCreationVC.swift */,
				2F9C36061BEC5C8000FF14B3 /* RoutinesVC.swift */,
				953851051BF171C5009BC801 /* Routines.swift */,
				9521D8B21BEF230B008F71C9 /* RoutineTVC.swift */,
				9571ADE21BF168410058FC04 /* RunRoutineVC.swift */,
				2FE886B91C014142004AB66E /* CreateRoutineVC.swift */,
				2FE886BB1C015855004AB66E /* CurrentRoutine.swift */,
				2F9C35E61BEC5AF600FF14B3 /* Main.storyboard */,
				D461DAD51C070AC0003166F0 /* UpdatedExerciseTVC.swift */,
				D461DAD31C06D96E003166F0 /* UpdatedExerciseViewController.swift */,
				D461DAD11C06CF49003166F0 /* UpdatedExerciseTableViewController.swift */,
				D461DACF1C06C79D003166F0 /* UpdatedExerciseTableViewCell.swift */,
				2F3398681C02E5AC00B22C38 /* ExerciseListTVC.swift */,
				2F9C36081BEC5C9100FF14B3 /* ExercisesVC.swift */,
				2F3398641C02E49300B22C38 /* ExerciseListTVCCell.swift */,
				2F3398601C02DD9400B22C38 /* Exercise.swift */,
				9521D8AE1BEEEF38008F71C9 /* ExercisesTVC.swift */,
				2FE886BD1C015AA0004AB66E /* CollectionViewCell.swift */,
				2F9C360A1BEC5C9B00FF14B3 /* StatsVC.swift */,
				2F9C35E91BEC5AF600FF14B3 /* Images.xcassets */,
				2F9C35EB1BEC5AF600FF14B3 /* LaunchScreen.xib */,
				2F9C35E01BEC5AF600FF14B3 /* Supporting Files */,
			);
			path = PhysioGuide_6.3_latest;
			sourceTree = "<group>";
		};
		2F9C35E01BEC5AF600FF14B3 /* Supporting Files */ = {
			isa = PBXGroup;
			children = (
				2F9C35E11BEC5AF600FF14B3 /* Info.plist */,
			);
			name = "Supporting Files";
			sourceTree = "<group>";
		};
		2F9C35F51BEC5AF600FF14B3 /* PhysioGuide_6.3_latestTests */ = {
			isa = PBXGroup;
			children = (
				2F9C35F81BEC5AF600FF14B3 /* PhysioGuide_6_3_latestTests.swift */,
				2F9C35F61BEC5AF600FF14B3 /* Supporting Files */,
			);
			path = PhysioGuide_6.3_latestTests;
			sourceTree = "<group>";
		};
		2F9C35F61BEC5AF600FF14B3 /* Supporting Files */ = {
			isa = PBXGroup;
			children = (
				2F9C35F71BEC5AF600FF14B3 /* Info.plist */,
			);
			name = "Supporting Files";
			sourceTree = "<group>";
		};
		78203992197FE254FADA0CDB /* Frameworks */ = {
			isa = PBXGroup;
			children = (
				D4FFDD221C037B700022F22E /* Pods_PhysioGuide_7.framework */,
				D4FFDD1F1C037A840022F22E /* YouTubePlayer.framework */,
				889AA6AAA55FAD65420352E4 /* Pods_PhysioGuide_7.framework */,
			);
			name = Frameworks;
			sourceTree = "<group>";
		};
		E3FD3EF8E69F250F9F47379C /* Pods */ = {
			isa = PBXGroup;
			children = (
				953EC7B332A3AB3C57F7D14A /* Pods-PhysioGuide_7.debug.xcconfig */,
				6E6B059F3445DA7741D68EF4 /* Pods-PhysioGuide_7.release.xcconfig */,
			);
			name = Pods;
			sourceTree = "<group>";
		};
/* End PBXGroup section */

/* Begin PBXNativeTarget section */
		2F9C35DC1BEC5AF600FF14B3 /* PhysioGuide_7 */ = {
			isa = PBXNativeTarget;
			buildConfigurationList = 2F9C35FC1BEC5AF600FF14B3 /* Build configuration list for PBXNativeTarget "PhysioGuide_7" */;
			buildPhases = (
				B238B0720E29FEF865C32EE8 /* Check Pods Manifest.lock */,
				2F9C35D91BEC5AF600FF14B3 /* Sources */,
				2F9C35DA1BEC5AF600FF14B3 /* Frameworks */,
				2F9C35DB1BEC5AF600FF14B3 /* Resources */,
				D11A7244B995F98D521C9281 /* Embed Pods Frameworks */,
				0009170C1D28D881115D1C80 /* Copy Pods Resources */,
				D4FFDD211C037ADB0022F22E /* ShellScript */,
			);
			buildRules = (
			);
			dependencies = (
			);
			name = PhysioGuide_7;
			productName = PhysioGuide_6.3_latest;
			productReference = 2F9C35DD1BEC5AF600FF14B3 /* PhysioGuide_7.app */;
			productType = "com.apple.product-type.application";
		};
		2F9C35F11BEC5AF600FF14B3 /* PhysioGuide_7Tests */ = {
			isa = PBXNativeTarget;
			buildConfigurationList = 2F9C35FF1BEC5AF600FF14B3 /* Build configuration list for PBXNativeTarget "PhysioGuide_7Tests" */;
			buildPhases = (
				2F9C35EE1BEC5AF600FF14B3 /* Sources */,
				2F9C35EF1BEC5AF600FF14B3 /* Frameworks */,
				2F9C35F01BEC5AF600FF14B3 /* Resources */,
			);
			buildRules = (
			);
			dependencies = (
				2F9C35F41BEC5AF600FF14B3 /* PBXTargetDependency */,
			);
			name = PhysioGuide_7Tests;
			productName = PhysioGuide_6.3_latestTests;
			productReference = 2F9C35F21BEC5AF600FF14B3 /* PhysioGuide_7.xctest */;
			productType = "com.apple.product-type.bundle.unit-test";
		};
/* End PBXNativeTarget section */

/* Begin PBXProject section */
		2F9C35D51BEC5AF600FF14B3 /* Project object */ = {
			isa = PBXProject;
			attributes = {
				LastSwiftMigration = 0710;
				LastSwiftUpdateCheck = 0710;
				LastUpgradeCheck = 0710;
				ORGANIZATIONNAME = "Team STAR";
				TargetAttributes = {
					2F9C35DC1BEC5AF600FF14B3 = {
						CreatedOnToolsVersion = 6.3;
					};
					2F9C35F11BEC5AF600FF14B3 = {
						CreatedOnToolsVersion = 6.3;
						TestTargetID = 2F9C35DC1BEC5AF600FF14B3;
					};
				};
			};
			buildConfigurationList = 2F9C35D81BEC5AF600FF14B3 /* Build configuration list for PBXProject "PhysioGuide_7" */;
			compatibilityVersion = "Xcode 3.2";
			developmentRegion = English;
			hasScannedForEncodings = 0;
			knownRegions = (
				en,
				Base,
			);
			mainGroup = 2F9C35D41BEC5AF600FF14B3;
			productRefGroup = 2F9C35DE1BEC5AF600FF14B3 /* Products */;
			projectDirPath = "";
			projectRoot = "";
			targets = (
				2F9C35DC1BEC5AF600FF14B3 /* PhysioGuide_7 */,
				2F9C35F11BEC5AF600FF14B3 /* PhysioGuide_7Tests */,
			);
		};
/* End PBXProject section */

/* Begin PBXResourcesBuildPhase section */
		2F9C35DB1BEC5AF600FF14B3 /* Resources */ = {
			isa = PBXResourcesBuildPhase;
			buildActionMask = 2147483647;
			files = (
				2F9C35E81BEC5AF600FF14B3 /* Main.storyboard in Resources */,
				2F9C35ED1BEC5AF600FF14B3 /* LaunchScreen.xib in Resources */,
				2F9C35EA1BEC5AF600FF14B3 /* Images.xcassets in Resources */,
			);
			runOnlyForDeploymentPostprocessing = 0;
		};
		2F9C35F01BEC5AF600FF14B3 /* Resources */ = {
			isa = PBXResourcesBuildPhase;
			buildActionMask = 2147483647;
			files = (
			);
			runOnlyForDeploymentPostprocessing = 0;
		};
/* End PBXResourcesBuildPhase section */

/* Begin PBXShellScriptBuildPhase section */
		0009170C1D28D881115D1C80 /* Copy Pods Resources */ = {
			isa = PBXShellScriptBuildPhase;
			buildActionMask = 2147483647;
			files = (
			);
			inputPaths = (
			);
			name = "Copy Pods Resources";
			outputPaths = (
			);
			runOnlyForDeploymentPostprocessing = 0;
			shellPath = /bin/sh;
			shellScript = "\"${SRCROOT}/Pods/Target Support Files/Pods-PhysioGuide_7/Pods-PhysioGuide_7-resources.sh\"\n";
			showEnvVarsInLog = 0;
		};
		B238B0720E29FEF865C32EE8 /* Check Pods Manifest.lock */ = {
			isa = PBXShellScriptBuildPhase;
			buildActionMask = 2147483647;
			files = (
			);
			inputPaths = (
			);
			name = "Check Pods Manifest.lock";
			outputPaths = (
			);
			runOnlyForDeploymentPostprocessing = 0;
			shellPath = /bin/sh;
			shellScript = "diff \"${PODS_ROOT}/../Podfile.lock\" \"${PODS_ROOT}/Manifest.lock\" > /dev/null\nif [[ $? != 0 ]] ; then\n    cat << EOM\nerror: The sandbox is not in sync with the Podfile.lock. Run 'pod install' or update your CocoaPods installation.\nEOM\n    exit 1\nfi\n";
			showEnvVarsInLog = 0;
		};
		D11A7244B995F98D521C9281 /* Embed Pods Frameworks */ = {
			isa = PBXShellScriptBuildPhase;
			buildActionMask = 2147483647;
			files = (
			);
			inputPaths = (
			);
			name = "Embed Pods Frameworks";
			outputPaths = (
			);
			runOnlyForDeploymentPostprocessing = 0;
			shellPath = /bin/sh;
			shellScript = "\"${SRCROOT}/Pods/Target Support Files/Pods-PhysioGuide_7/Pods-PhysioGuide_7-frameworks.sh\"\n";
			showEnvVarsInLog = 0;
		};
		D4FFDD211C037ADB0022F22E /* ShellScript */ = {
			isa = PBXShellScriptBuildPhase;
			buildActionMask = 8;
			files = (
			);
			inputPaths = (
				"$(SRCROOT)/Carthage/Build/iOS/YouTubePlayer.framework",
			);
			outputPaths = (
			);
			runOnlyForDeploymentPostprocessing = 1;
			shellPath = "/usr/local/bin/carthage copy-frameworks";
			shellScript = "";
		};
/* End PBXShellScriptBuildPhase section */

/* Begin PBXSourcesBuildPhase section */
		2F9C35D91BEC5AF600FF14B3 /* Sources */ = {
			isa = PBXSourcesBuildPhase;
			buildActionMask = 2147483647;
			files = (
				2FE886BC1C015855004AB66E /* CurrentRoutine.swift in Sources */,
				2F9C36091BEC5C9100FF14B3 /* ExercisesVC.swift in Sources */,
				D461DAD01C06C79D003166F0 /* UpdatedExerciseTableViewCell.swift in Sources */,
				D461DAD41C06D96E003166F0 /* UpdatedExerciseViewController.swift in Sources */,
				953851061BF171C5009BC801 /* Routines.swift in Sources */,
				2F3398611C02DD9400B22C38 /* Exercise.swift in Sources */,
				2F3398651C02E49300B22C38 /* ExerciseListTVCCell.swift in Sources */,
				9521D8B31BEF230B008F71C9 /* RoutineTVC.swift in Sources */,
				2F9C35E51BEC5AF600FF14B3 /* LogInVC.swift in Sources */,
				D461DAD61C070AC0003166F0 /* UpdatedExerciseTVC.swift in Sources */,
				2FE886BE1C015AA0004AB66E /* CollectionViewCell.swift in Sources */,
				2F9C36051BEC5C4B00FF14B3 /* AccountCreationVC.swift in Sources */,
				2FE886BA1C014142004AB66E /* CreateRoutineVC.swift in Sources */,
				95015AB71BF67A0200E358D6 /* Account.swift in Sources */,
				2F9C35E31BEC5AF600FF14B3 /* AppDelegate.swift in Sources */,
				2F9C36071BEC5C8000FF14B3 /* RoutinesVC.swift in Sources */,
				9571ADE31BF168410058FC04 /* RunRoutineVC.swift in Sources */,
				9521D8AF1BEEEF38008F71C9 /* ExercisesTVC.swift in Sources */,
				2F3398691C02E5AC00B22C38 /* ExerciseListTVC.swift in Sources */,
				D461DAD21C06CF49003166F0 /* UpdatedExerciseTableViewController.swift in Sources */,
				2F9C360B1BEC5C9B00FF14B3 /* StatsVC.swift in Sources */,
				2F9C36031BEC5B3000FF14B3 /* MainMenuVC.swift in Sources */,
			);
			runOnlyForDeploymentPostprocessing = 0;
		};
		2F9C35EE1BEC5AF600FF14B3 /* Sources */ = {
			isa = PBXSourcesBuildPhase;
			buildActionMask = 2147483647;
			files = (
				2F9C35F91BEC5AF600FF14B3 /* PhysioGuide_6_3_latestTests.swift in Sources */,
			);
			runOnlyForDeploymentPostprocessing = 0;
		};
/* End PBXSourcesBuildPhase section */

/* Begin PBXTargetDependency section */
		2F9C35F41BEC5AF600FF14B3 /* PBXTargetDependency */ = {
			isa = PBXTargetDependency;
			target = 2F9C35DC1BEC5AF600FF14B3 /* PhysioGuide_7 */;
			targetProxy = 2F9C35F31BEC5AF600FF14B3 /* PBXContainerItemProxy */;
		};
/* End PBXTargetDependency section */

/* Begin PBXVariantGroup section */
		2F9C35E61BEC5AF600FF14B3 /* Main.storyboard */ = {
			isa = PBXVariantGroup;
			children = (
				2F9C35E71BEC5AF600FF14B3 /* Base */,
			);
			name = Main.storyboard;
			sourceTree = "<group>";
		};
		2F9C35EB1BEC5AF600FF14B3 /* LaunchScreen.xib */ = {
			isa = PBXVariantGroup;
			children = (
				2F9C35EC1BEC5AF600FF14B3 /* Base */,
			);
			name = LaunchScreen.xib;
			sourceTree = "<group>";
		};
/* End PBXVariantGroup section */

/* Begin XCBuildConfiguration section */
		2F9C35FA1BEC5AF600FF14B3 /* Debug */ = {
			isa = XCBuildConfiguration;
			buildSettings = {
				ALWAYS_SEARCH_USER_PATHS = NO;
				CLANG_CXX_LANGUAGE_STANDARD = "gnu++0x";
				CLANG_CXX_LIBRARY = "libc++";
				CLANG_ENABLE_MODULES = YES;
				CLANG_ENABLE_OBJC_ARC = YES;
				CLANG_WARN_BOOL_CONVERSION = YES;
				CLANG_WARN_CONSTANT_CONVERSION = YES;
				CLANG_WARN_DIRECT_OBJC_ISA_USAGE = YES_ERROR;
				CLANG_WARN_EMPTY_BODY = YES;
				CLANG_WARN_ENUM_CONVERSION = YES;
				CLANG_WARN_INT_CONVERSION = YES;
				CLANG_WARN_OBJC_ROOT_CLASS = YES_ERROR;
				CLANG_WARN_UNREACHABLE_CODE = YES;
				CLANG_WARN__DUPLICATE_METHOD_MATCH = YES;
				"CODE_SIGN_IDENTITY[sdk=iphoneos*]" = "iPhone Developer";
				COPY_PHASE_STRIP = NO;
				DEBUG_INFORMATION_FORMAT = "dwarf-with-dsym";
				ENABLE_STRICT_OBJC_MSGSEND = YES;
				ENABLE_TESTABILITY = YES;
				GCC_C_LANGUAGE_STANDARD = gnu99;
				GCC_DYNAMIC_NO_PIC = NO;
				GCC_NO_COMMON_BLOCKS = YES;
				GCC_OPTIMIZATION_LEVEL = 0;
				GCC_PREPROCESSOR_DEFINITIONS = (
					"DEBUG=1",
					"$(inherited)",
				);
				GCC_SYMBOLS_PRIVATE_EXTERN = NO;
				GCC_WARN_64_TO_32_BIT_CONVERSION = YES;
				GCC_WARN_ABOUT_RETURN_TYPE = YES_ERROR;
				GCC_WARN_UNDECLARED_SELECTOR = YES;
				GCC_WARN_UNINITIALIZED_AUTOS = YES_AGGRESSIVE;
				GCC_WARN_UNUSED_FUNCTION = YES;
				GCC_WARN_UNUSED_VARIABLE = YES;
				IPHONEOS_DEPLOYMENT_TARGET = 8.3;
				MTL_ENABLE_DEBUG_INFO = YES;
				ONLY_ACTIVE_ARCH = YES;
				SDKROOT = iphoneos;
				SWIFT_OPTIMIZATION_LEVEL = "-Onone";
			};
			name = Debug;
		};
		2F9C35FB1BEC5AF600FF14B3 /* Release */ = {
			isa = XCBuildConfiguration;
			buildSettings = {
				ALWAYS_SEARCH_USER_PATHS = NO;
				CLANG_CXX_LANGUAGE_STANDARD = "gnu++0x";
				CLANG_CXX_LIBRARY = "libc++";
				CLANG_ENABLE_MODULES = YES;
				CLANG_ENABLE_OBJC_ARC = YES;
				CLANG_WARN_BOOL_CONVERSION = YES;
				CLANG_WARN_CONSTANT_CONVERSION = YES;
				CLANG_WARN_DIRECT_OBJC_ISA_USAGE = YES_ERROR;
				CLANG_WARN_EMPTY_BODY = YES;
				CLANG_WARN_ENUM_CONVERSION = YES;
				CLANG_WARN_INT_CONVERSION = YES;
				CLANG_WARN_OBJC_ROOT_CLASS = YES_ERROR;
				CLANG_WARN_UNREACHABLE_CODE = YES;
				CLANG_WARN__DUPLICATE_METHOD_MATCH = YES;
				"CODE_SIGN_IDENTITY[sdk=iphoneos*]" = "iPhone Developer";
				COPY_PHASE_STRIP = NO;
				DEBUG_INFORMATION_FORMAT = "dwarf-with-dsym";
				ENABLE_NS_ASSERTIONS = NO;
				ENABLE_STRICT_OBJC_MSGSEND = YES;
				GCC_C_LANGUAGE_STANDARD = gnu99;
				GCC_NO_COMMON_BLOCKS = YES;
				GCC_WARN_64_TO_32_BIT_CONVERSION = YES;
				GCC_WARN_ABOUT_RETURN_TYPE = YES_ERROR;
				GCC_WARN_UNDECLARED_SELECTOR = YES;
				GCC_WARN_UNINITIALIZED_AUTOS = YES_AGGRESSIVE;
				GCC_WARN_UNUSED_FUNCTION = YES;
				GCC_WARN_UNUSED_VARIABLE = YES;
				IPHONEOS_DEPLOYMENT_TARGET = 8.3;
				MTL_ENABLE_DEBUG_INFO = NO;
				SDKROOT = iphoneos;
				VALIDATE_PRODUCT = YES;
			};
			name = Release;
		};
		2F9C35FD1BEC5AF600FF14B3 /* Debug */ = {
			isa = XCBuildConfiguration;
			baseConfigurationReference = 953EC7B332A3AB3C57F7D14A /* Pods-PhysioGuide_7.debug.xcconfig */;
			buildSettings = {
				ASSETCATALOG_COMPILER_APPICON_NAME = AppIcon;
				FRAMEWORK_SEARCH_PATHS = (
					"$(inherited)",
					"$(PROJECT_DIR)/Carthage/Build/iOS",
					"$(PROJECT_DIR)/build/Debug-iphoneos",
				);
				INFOPLIST_FILE = PhysioGuide_6.3_latest/Info.plist;
				LD_RUNPATH_SEARCH_PATHS = "$(inherited) @executable_path/Frameworks";
				PRODUCT_BUNDLE_IDENTIFIER = "com.teamSTAR.$(PRODUCT_NAME:rfc1034identifier)";
				PRODUCT_NAME = PhysioGuide_7;
			};
			name = Debug;
		};
		2F9C35FE1BEC5AF600FF14B3 /* Release */ = {
			isa = XCBuildConfiguration;
			baseConfigurationReference = 6E6B059F3445DA7741D68EF4 /* Pods-PhysioGuide_7.release.xcconfig */;
			buildSettings = {
				ASSETCATALOG_COMPILER_APPICON_NAME = AppIcon;
				FRAMEWORK_SEARCH_PATHS = (
					"$(inherited)",
					"$(PROJECT_DIR)/Carthage/Build/iOS",
					"$(PROJECT_DIR)/build/Debug-iphoneos",
				);
				INFOPLIST_FILE = PhysioGuide_6.3_latest/Info.plist;
				LD_RUNPATH_SEARCH_PATHS = "$(inherited) @executable_path/Frameworks";
				PRODUCT_BUNDLE_IDENTIFIER = "com.teamSTAR.$(PRODUCT_NAME:rfc1034identifier)";
				PRODUCT_NAME = PhysioGuide_7;
			};
			name = Release;
		};
		2F9C36001BEC5AF600FF14B3 /* Debug */ = {
			isa = XCBuildConfiguration;
			buildSettings = {
				BUNDLE_LOADER = "$(TEST_HOST)";
				FRAMEWORK_SEARCH_PATHS = (
					"$(SDKROOT)/Developer/Library/Frameworks",
					"$(inherited)",
				);
				GCC_PREPROCESSOR_DEFINITIONS = (
					"DEBUG=1",
					"$(inherited)",
				);
				INFOPLIST_FILE = PhysioGuide_6.3_latestTests/Info.plist;
				LD_RUNPATH_SEARCH_PATHS = "$(inherited) @executable_path/Frameworks @loader_path/Frameworks";
				PRODUCT_BUNDLE_IDENTIFIER = "com.teamSTAR.$(PRODUCT_NAME:rfc1034identifier)";
				PRODUCT_NAME = PhysioGuide_7;
				TEST_HOST = "$(BUILT_PRODUCTS_DIR)/PhysioGuide_7.app/PhysioGuide_7";
			};
			name = Debug;
		};
		2F9C36011BEC5AF600FF14B3 /* Release */ = {
			isa = XCBuildConfiguration;
			buildSettings = {
				BUNDLE_LOADER = "$(TEST_HOST)";
				FRAMEWORK_SEARCH_PATHS = (
					"$(SDKROOT)/Developer/Library/Frameworks",
					"$(inherited)",
				);
				INFOPLIST_FILE = PhysioGuide_6.3_latestTests/Info.plist;
				LD_RUNPATH_SEARCH_PATHS = "$(inherited) @executable_path/Frameworks @loader_path/Frameworks";
				PRODUCT_BUNDLE_IDENTIFIER = "com.teamSTAR.$(PRODUCT_NAME:rfc1034identifier)";
				PRODUCT_NAME = PhysioGuide_7;
				TEST_HOST = "$(BUILT_PRODUCTS_DIR)/PhysioGuide_7.app/PhysioGuide_7";
			};
			name = Release;
		};
/* End XCBuildConfiguration section */

/* Begin XCConfigurationList section */
		2F9C35D81BEC5AF600FF14B3 /* Build configuration list for PBXProject "PhysioGuide_7" */ = {
			isa = XCConfigurationList;
			buildConfigurations = (
				2F9C35FA1BEC5AF600FF14B3 /* Debug */,
				2F9C35FB1BEC5AF600FF14B3 /* Release */,
			);
			defaultConfigurationIsVisible = 0;
			defaultConfigurationName = Release;
		};
		2F9C35FC1BEC5AF600FF14B3 /* Build configuration list for PBXNativeTarget "PhysioGuide_7" */ = {
			isa = XCConfigurationList;
			buildConfigurations = (
				2F9C35FD1BEC5AF600FF14B3 /* Debug */,
				2F9C35FE1BEC5AF600FF14B3 /* Release */,
			);
			defaultConfigurationIsVisible = 0;
			defaultConfigurationName = Release;
		};
		2F9C35FF1BEC5AF600FF14B3 /* Build configuration list for PBXNativeTarget "PhysioGuide_7Tests" */ = {
			isa = XCConfigurationList;
			buildConfigurations = (
				2F9C36001BEC5AF600FF14B3 /* Debug */,
				2F9C36011BEC5AF600FF14B3 /* Release */,
			);
			defaultConfigurationIsVisible = 0;
			defaultConfigurationName = Release;
		};
/* End XCConfigurationList section */
	};
	rootObject = 2F9C35D51BEC5AF600FF14B3 /* Project object */;
}
