// !$*UTF8*$!
{
	archiveVersion = 1;
	classes = {
	};
	objectVersion = 46;
	objects = {

/* Begin PBXBuildFile section */
		2F3398611C02DD9400B22C38 /* Exercise.swift in Sources */ = {isa = PBXBuildFile; fileRef = 2F3398601C02DD9400B22C38 /* Exercise.swift */; };
		2F3398651C02E49300B22C38 /* ExerciseListTVCCell.swift in Sources */ = {isa = PBXBuildFile; fileRef = 2F3398641C02E49300B22C38 /* ExerciseListTVCCell.swift */; };
		2F3398691C02E5AC00B22C38 /* ExerciseListTVC.swift in Sources */ = {isa = PBXBuildFile; fileRef = 2F3398681C02E5AC00B22C38 /* ExerciseListTVC.swift */; };
		2F9C35E31BEC5AF600FF14B3 /* AppDelegate.swift in Sources */ = {isa = PBXBuildFile; fileRef = 2F9C35E21BEC5AF600FF14B3 /* AppDelegate.swift */; };
		2F9C35E51BEC5AF600FF14B3 /* LogInVC.swift in Sources */ = {isa = PBXBuildFile; fileRef = 2F9C35E41BEC5AF600FF14B3 /* LogInVC.swift */; };
		2F9C35E81BEC5AF600FF14B3 /* Main.storyboard in Resources */ = {isa = PBXBuildFile; fileRef = 2F9C35E61BEC5AF600FF14B3 /* Main.storyboard */; };
		2F9C35EA1BEC5AF600FF14B3 /* Images.xcassets in Resources */ = {isa = PBXBuildFile; fileRef = 2F9C35E91BEC5AF600FF14B3 /* Images.xcassets */; };
		2F9C35ED1BEC5AF600FF14B3 /* LaunchScreen.xib in Resources */ = {isa = PBXBuildFile; fileRef = 2F9C35EB1BEC5AF600FF14B3 /* LaunchScreen.xib */; };
		2F9C35F91BEC5AF600FF14B3 /* PhysioGuide_6_3_latestTests.swift in Sources */ = {isa = PBXBuildFile; fileRef = 2F9C35F81BEC5AF600FF14B3 /* PhysioGuide_6_3_latestTests.swift */; };
		2F9C36031BEC5B3000FF14B3 /* MainMenuVC.swift in Sources */ = {isa = PBXBuildFile; fileRef = 2F9C36021BEC5B3000FF14B3 /* MainMenuVC.swift */; };
		2F9C36051BEC5C4B00FF14B3 /* AccountCreationVC.swift in Sources */ = {isa = PBXBuildFile; fileRef = 2F9C36041BEC5C4B00FF14B3 /* AccountCreationVC.swift */; };
		2F9C36071BEC5C8000FF14B3 /* RoutinesVC.swift in Sources */ = {isa = PBXBuildFile; fileRef = 2F9C36061BEC5C8000FF14B3 /* RoutinesVC.swift */; };
		2F9C36091BEC5C9100FF14B3 /* ExercisesVC.swift in Sources */ = {isa = PBXBuildFile; fileRef = 2F9C36081BEC5C9100FF14B3 /* ExercisesVC.swift */; };
		2F9C360B1BEC5C9B00FF14B3 /* StatsVC.swift in Sources */ = {isa = PBXBuildFile; fileRef = 2F9C360A1BEC5C9B00FF14B3 /* StatsVC.swift */; };
		2FCAB7881C0EA4990022EDA2 /* CurrentRoutineTVC.swift in Sources */ = {isa = PBXBuildFile; fileRef = 2FCAB7871C0EA4990022EDA2 /* CurrentRoutineTVC.swift */; };
		2FCAB78A1C0EA5DD0022EDA2 /* CurrentRoutineCell.swift in Sources */ = {isa = PBXBuildFile; fileRef = 2FCAB7891C0EA5DD0022EDA2 /* CurrentRoutineCell.swift */; };
		2FD0B1A81C13E10900D18180 /* RoutineCell.swift in Sources */ = {isa = PBXBuildFile; fileRef = 2FD0B1A71C13E10900D18180 /* RoutineCell.swift */; };
		2FE886BA1C014142004AB66E /* CreateRoutineVC.swift in Sources */ = {isa = PBXBuildFile; fileRef = 2FE886B91C014142004AB66E /* CreateRoutineVC.swift */; };
		95015AB71BF67A0200E358D6 /* Account.swift in Sources */ = {isa = PBXBuildFile; fileRef = 95015AB61BF67A0200E358D6 /* Account.swift */; };
		9521D8B31BEF230B008F71C9 /* RoutineTVC.swift in Sources */ = {isa = PBXBuildFile; fileRef = 9521D8B21BEF230B008F71C9 /* RoutineTVC.swift */; };
		953851061BF171C5009BC801 /* Routines.swift in Sources */ = {isa = PBXBuildFile; fileRef = 953851051BF171C5009BC801 /* Routines.swift */; };
		9571ADE31BF168410058FC04 /* RunRoutineVC.swift in Sources */ = {isa = PBXBuildFile; fileRef = 9571ADE21BF168410058FC04 /* RunRoutineVC.swift */; };
		CA6E62161C10524F000DF4A6 /* LocalSave.swift in Sources */ = {isa = PBXBuildFile; fileRef = CA6E62151C10524F000DF4A6 /* LocalSave.swift */; };
		CAA8A2EA1C14424C00269EA6 /* GraphView.swift in Sources */ = {isa = PBXBuildFile; fileRef = CAA8A2E91C14424C00269EA6 /* GraphView.swift */; };
		CAA8A2EC1C1457A700269EA6 /* Calories.swift in Sources */ = {isa = PBXBuildFile; fileRef = CAA8A2EB1C1457A700269EA6 /* Calories.swift */; };
		CAD714491C13C05700023C63 /* Stats.swift in Sources */ = {isa = PBXBuildFile; fileRef = CAD714481C13C05700023C63 /* Stats.swift */; };
		D44D6D991C0AC6A400AEE63B /* backExtension.png in Resources */ = {isa = PBXBuildFile; fileRef = D44D6D661C0AC6A400AEE63B /* backExtension.png */; };
		D44D6D9A1C0AC6A400AEE63B /* backExtension(machine).png in Resources */ = {isa = PBXBuildFile; fileRef = D44D6D671C0AC6A400AEE63B /* backExtension(machine).png */; };
		D44D6D9B1C0AC6A400AEE63B /* benchPress.png in Resources */ = {isa = PBXBuildFile; fileRef = D44D6D681C0AC6A400AEE63B /* benchPress.png */; };
		D44D6D9C1C0AC6A400AEE63B /* bendOverRow.png in Resources */ = {isa = PBXBuildFile; fileRef = D44D6D691C0AC6A400AEE63B /* bendOverRow.png */; };
		D44D6D9D1C0AC6A400AEE63B /* bicepsCurl.png in Resources */ = {isa = PBXBuildFile; fileRef = D44D6D6A1C0AC6A400AEE63B /* bicepsCurl.png */; };
		D44D6D9E1C0AC6A400AEE63B /* CalfRaise.png in Resources */ = {isa = PBXBuildFile; fileRef = D44D6D6B1C0AC6A400AEE63B /* CalfRaise.png */; };
		D44D6D9F1C0AC6A400AEE63B /* catStrecth.png in Resources */ = {isa = PBXBuildFile; fileRef = D44D6D6C1C0AC6A400AEE63B /* catStrecth.png */; };
		D44D6DA01C0AC6A400AEE63B /* chest.png in Resources */ = {isa = PBXBuildFile; fileRef = D44D6D6D1C0AC6A400AEE63B /* chest.png */; };
		D44D6DA11C0AC6A400AEE63B /* ChestFly.png in Resources */ = {isa = PBXBuildFile; fileRef = D44D6D6E1C0AC6A400AEE63B /* ChestFly.png */; };
		D44D6DA21C0AC6A400AEE63B /* crunch.png in Resources */ = {isa = PBXBuildFile; fileRef = D44D6D6F1C0AC6A400AEE63B /* crunch.png */; };
		D44D6DA31C0AC6A400AEE63B /* cycling.png in Resources */ = {isa = PBXBuildFile; fileRef = D44D6D701C0AC6A400AEE63B /* cycling.png */; };
		D44D6DA41C0AC6A400AEE63B /* deadlift.png in Resources */ = {isa = PBXBuildFile; fileRef = D44D6D711C0AC6A400AEE63B /* deadlift.png */; };
		D44D6DA51C0AC6A400AEE63B /* frontAndBackNeck.png in Resources */ = {isa = PBXBuildFile; fileRef = D44D6D721C0AC6A400AEE63B /* frontAndBackNeck.png */; };
		D44D6DA61C0AC6A400AEE63B /* hiking.png in Resources */ = {isa = PBXBuildFile; fileRef = D44D6D731C0AC6A400AEE63B /* hiking.png */; };
		D44D6DA71C0AC6A400AEE63B /* hipAdductor.png in Resources */ = {isa = PBXBuildFile; fileRef = D44D6D741C0AC6A400AEE63B /* hipAdductor.png */; };
		D44D6DA81C0AC6A400AEE63B /* jogging.png in Resources */ = {isa = PBXBuildFile; fileRef = D44D6D751C0AC6A400AEE63B /* jogging.png */; };
		D44D6DA91C0AC6A400AEE63B /* jumpingJacks.png in Resources */ = {isa = PBXBuildFile; fileRef = D44D6D761C0AC6A400AEE63B /* jumpingJacks.png */; };
		D44D6DAA1C0AC6A400AEE63B /* kneesToChest.png in Resources */ = {isa = PBXBuildFile; fileRef = D44D6D771C0AC6A400AEE63B /* kneesToChest.png */; };
		D44D6DAB1C0AC6A400AEE63B /* lateralRaise.png in Resources */ = {isa = PBXBuildFile; fileRef = D44D6D781C0AC6A400AEE63B /* lateralRaise.png */; };
		D44D6DAC1C0AC6A400AEE63B /* leg press.png in Resources */ = {isa = PBXBuildFile; fileRef = D44D6D791C0AC6A400AEE63B /* leg press.png */; };
		D44D6DAD1C0AC6A400AEE63B /* legCurl.png in Resources */ = {isa = PBXBuildFile; fileRef = D44D6D7A1C0AC6A400AEE63B /* legCurl.png */; };
		D44D6DAE1C0AC6A400AEE63B /* legExtension.png in Resources */ = {isa = PBXBuildFile; fileRef = D44D6D7B1C0AC6A400AEE63B /* legExtension.png */; };
		D44D6DAF1C0AC6A400AEE63B /* legRaise.png in Resources */ = {isa = PBXBuildFile; fileRef = D44D6D7C1C0AC6A400AEE63B /* legRaise.png */; };
		D44D6DB01C0AC6A400AEE63B /* lunge.png in Resources */ = {isa = PBXBuildFile; fileRef = D44D6D7D1C0AC6A400AEE63B /* lunge.png */; };
		D44D6DB11C0AC6A400AEE63B /* modifiedHurdlerStretch.png in Resources */ = {isa = PBXBuildFile; fileRef = D44D6D7E1C0AC6A400AEE63B /* modifiedHurdlerStretch.png */; };
		D44D6DB21C0AC6A400AEE63B /* pullDown.png in Resources */ = {isa = PBXBuildFile; fileRef = D44D6D7F1C0AC6A400AEE63B /* pullDown.png */; };
		D44D6DB31C0AC6A400AEE63B /* pullUp.png in Resources */ = {isa = PBXBuildFile; fileRef = D44D6D801C0AC6A400AEE63B /* pullUp.png */; };
		D44D6DB41C0AC6A400AEE63B /* pushDown.png in Resources */ = {isa = PBXBuildFile; fileRef = D44D6D811C0AC6A400AEE63B /* pushDown.png */; };
		D44D6DB51C0AC6A400AEE63B /* pushUp.png in Resources */ = {isa = PBXBuildFile; fileRef = D44D6D821C0AC6A400AEE63B /* pushUp.png */; };
		D44D6DB61C0AC6A400AEE63B /* quadricepsStretch.png in Resources */ = {isa = PBXBuildFile; fileRef = D44D6D831C0AC6A400AEE63B /* quadricepsStretch.png */; };
		D44D6DB71C0AC6A400AEE63B /* reclinedHamstringStretch.png in Resources */ = {isa = PBXBuildFile; fileRef = D44D6D841C0AC6A400AEE63B /* reclinedHamstringStretch.png */; };
		D44D6DB81C0AC6A400AEE63B /* runner'sLunge.png in Resources */ = {isa = PBXBuildFile; fileRef = D44D6D851C0AC6A400AEE63B /* runner'sLunge.png */; };
		D44D6DB91C0AC6A400AEE63B /* running.png in Resources */ = {isa = PBXBuildFile; fileRef = D44D6D861C0AC6A400AEE63B /* running.png */; };
		D44D6DBA1C0AC6A400AEE63B /* russianTwist.png in Resources */ = {isa = PBXBuildFile; fileRef = D44D6D871C0AC6A400AEE63B /* russianTwist.png */; };
		D44D6DBB1C0AC6A400AEE63B /* shoulderFlexion.png in Resources */ = {isa = PBXBuildFile; fileRef = D44D6D881C0AC6A400AEE63B /* shoulderFlexion.png */; };
		D44D6DBC1C0AC6A400AEE63B /* shoulderOverhead.png in Resources */ = {isa = PBXBuildFile; fileRef = D44D6D891C0AC6A400AEE63B /* shoulderOverhead.png */; };
		D44D6DBD1C0AC6A400AEE63B /* shoulderPosteior.png in Resources */ = {isa = PBXBuildFile; fileRef = D44D6D8A1C0AC6A400AEE63B /* shoulderPosteior.png */; };
		D44D6DBE1C0AC6A400AEE63B /* shoulderPress.png in Resources */ = {isa = PBXBuildFile; fileRef = D44D6D8B1C0AC6A400AEE63B /* shoulderPress.png */; };
		D44D6DBF1C0AC6A400AEE63B /* shoulderShrug.png in Resources */ = {isa = PBXBuildFile; fileRef = D44D6D8C1C0AC6A400AEE63B /* shoulderShrug.png */; };
		D44D6DC01C0AC6A400AEE63B /* sideLunge.png in Resources */ = {isa = PBXBuildFile; fileRef = D44D6D8D1C0AC6A400AEE63B /* sideLunge.png */; };
		D44D6DC11C0AC6A400AEE63B /* sideNeck.png in Resources */ = {isa = PBXBuildFile; fileRef = D44D6D8E1C0AC6A400AEE63B /* sideNeck.png */; };
		D44D6DC21C0AC6A400AEE63B /* sideTrunk.png in Resources */ = {isa = PBXBuildFile; fileRef = D44D6D8F1C0AC6A400AEE63B /* sideTrunk.png */; };
		D44D6DC31C0AC6A400AEE63B /* sittingHipStretch.png in Resources */ = {isa = PBXBuildFile; fileRef = D44D6D901C0AC6A400AEE63B /* sittingHipStretch.png */; };
		D44D6DC41C0AC6A400AEE63B /* spinalTwist.png in Resources */ = {isa = PBXBuildFile; fileRef = D44D6D911C0AC6A400AEE63B /* spinalTwist.png */; };
		D44D6DC51C0AC6A400AEE63B /* squat.png in Resources */ = {isa = PBXBuildFile; fileRef = D44D6D921C0AC6A400AEE63B /* squat.png */; };
		D44D6DC61C0AC6A400AEE63B /* stairClimbing.png in Resources */ = {isa = PBXBuildFile; fileRef = D44D6D931C0AC6A400AEE63B /* stairClimbing.png */; };
		D44D6DC71C0AC6A400AEE63B /* tricepsPress.png in Resources */ = {isa = PBXBuildFile; fileRef = D44D6D941C0AC6A400AEE63B /* tricepsPress.png */; };
		D44D6DC81C0AC6A400AEE63B /* walking.png in Resources */ = {isa = PBXBuildFile; fileRef = D44D6D951C0AC6A400AEE63B /* walking.png */; };
		D44D6DC91C0AC6A400AEE63B /* wallCalfStretch.png in Resources */ = {isa = PBXBuildFile; fileRef = D44D6D961C0AC6A400AEE63B /* wallCalfStretch.png */; };
		D44D6DCA1C0AC6A400AEE63B /* wristExtension.png in Resources */ = {isa = PBXBuildFile; fileRef = D44D6D971C0AC6A400AEE63B /* wristExtension.png */; };
		D44D6DCB1C0AC6A400AEE63B /* wristFlexion.png in Resources */ = {isa = PBXBuildFile; fileRef = D44D6D981C0AC6A400AEE63B /* wristFlexion.png */; };
		D461DAD41C06D96E003166F0 /* UpdatedExerciseViewController.swift in Sources */ = {isa = PBXBuildFile; fileRef = D461DAD31C06D96E003166F0 /* UpdatedExerciseViewController.swift */; };
		D461DAD61C070AC0003166F0 /* UpdatedExerciseTVC.swift in Sources */ = {isa = PBXBuildFile; fileRef = D461DAD51C070AC0003166F0 /* UpdatedExerciseTVC.swift */; };
		D4E91BDE1C13635F009ABB9A /* AccelerometerDetectionViewController.swift in Sources */ = {isa = PBXBuildFile; fileRef = D4E91BDD1C13635F009ABB9A /* AccelerometerDetectionViewController.swift */; };
		D4E91BE01C13640D009ABB9A /* CoreMotion.framework in Frameworks */ = {isa = PBXBuildFile; fileRef = D4E91BDF1C13640D009ABB9A /* CoreMotion.framework */; };
		D4E9D8241C0A7B6A00877D4B /* PlayVideoViewController.swift in Sources */ = {isa = PBXBuildFile; fileRef = D4E9D8231C0A7B6A00877D4B /* PlayVideoViewController.swift */; };
		D4E9D8261C0AAEBE00877D4B /* ExerciseArray.swift in Sources */ = {isa = PBXBuildFile; fileRef = D4E9D8251C0AAEBE00877D4B /* ExerciseArray.swift */; };
		D4E9D8281C0AAF7E00877D4B /* ExerciseClass.swift in Sources */ = {isa = PBXBuildFile; fileRef = D4E9D8271C0AAF7E00877D4B /* ExerciseClass.swift */; };
		D4FFDD201C037A840022F22E /* YouTubePlayer.framework in Frameworks */ = {isa = PBXBuildFile; fileRef = D4FFDD1F1C037A840022F22E /* YouTubePlayer.framework */; };
		D4FFDD231C037B700022F22E /* Pods_PhysioGuide_7.framework in Frameworks */ = {isa = PBXBuildFile; fileRef = D4FFDD221C037B700022F22E /* Pods_PhysioGuide_7.framework */; };
/* End PBXBuildFile section */

/* Begin PBXContainerItemProxy section */
		2F9C35F31BEC5AF600FF14B3 /* PBXContainerItemProxy */ = {
			isa = PBXContainerItemProxy;
			containerPortal = 2F9C35D51BEC5AF600FF14B3 /* Project object */;
			proxyType = 1;
			remoteGlobalIDString = 2F9C35DC1BEC5AF600FF14B3;
			remoteInfo = PhysioGuide_6.3_latest;
		};
/* End PBXContainerItemProxy section */

/* Begin PBXFileReference section */
		2F3398601C02DD9400B22C38 /* Exercise.swift */ = {isa = PBXFileReference; fileEncoding = 4; lastKnownFileType = sourcecode.swift; path = Exercise.swift; sourceTree = "<group>"; };
		2F3398641C02E49300B22C38 /* ExerciseListTVCCell.swift */ = {isa = PBXFileReference; fileEncoding = 4; lastKnownFileType = sourcecode.swift; path = ExerciseListTVCCell.swift; sourceTree = "<group>"; };
		2F3398681C02E5AC00B22C38 /* ExerciseListTVC.swift */ = {isa = PBXFileReference; fileEncoding = 4; lastKnownFileType = sourcecode.swift; path = ExerciseListTVC.swift; sourceTree = "<group>"; };
		2F9C35DD1BEC5AF600FF14B3 /* PhysioGuide_7.app */ = {isa = PBXFileReference; explicitFileType = wrapper.application; includeInIndex = 0; path = PhysioGuide_7.app; sourceTree = BUILT_PRODUCTS_DIR; };
		2F9C35E11BEC5AF600FF14B3 /* Info.plist */ = {isa = PBXFileReference; lastKnownFileType = text.plist.xml; path = Info.plist; sourceTree = "<group>"; };
		2F9C35E21BEC5AF600FF14B3 /* AppDelegate.swift */ = {isa = PBXFileReference; lastKnownFileType = sourcecode.swift; path = AppDelegate.swift; sourceTree = "<group>"; };
		2F9C35E41BEC5AF600FF14B3 /* LogInVC.swift */ = {isa = PBXFileReference; lastKnownFileType = sourcecode.swift; path = LogInVC.swift; sourceTree = "<group>"; };
		2F9C35E71BEC5AF600FF14B3 /* Base */ = {isa = PBXFileReference; lastKnownFileType = file.storyboard; name = Base; path = Base.lproj/Main.storyboard; sourceTree = "<group>"; };
		2F9C35E91BEC5AF600FF14B3 /* Images.xcassets */ = {isa = PBXFileReference; lastKnownFileType = folder.assetcatalog; path = Images.xcassets; sourceTree = "<group>"; };
		2F9C35EC1BEC5AF600FF14B3 /* Base */ = {isa = PBXFileReference; lastKnownFileType = file.xib; name = Base; path = Base.lproj/LaunchScreen.xib; sourceTree = "<group>"; };
		2F9C35F21BEC5AF600FF14B3 /* PhysioGuide_7.xctest */ = {isa = PBXFileReference; explicitFileType = wrapper.cfbundle; includeInIndex = 0; path = PhysioGuide_7.xctest; sourceTree = BUILT_PRODUCTS_DIR; };
		2F9C35F71BEC5AF600FF14B3 /* Info.plist */ = {isa = PBXFileReference; lastKnownFileType = text.plist.xml; path = Info.plist; sourceTree = "<group>"; };
		2F9C35F81BEC5AF600FF14B3 /* PhysioGuide_6_3_latestTests.swift */ = {isa = PBXFileReference; lastKnownFileType = sourcecode.swift; path = PhysioGuide_6_3_latestTests.swift; sourceTree = "<group>"; };
		2F9C36021BEC5B3000FF14B3 /* MainMenuVC.swift */ = {isa = PBXFileReference; fileEncoding = 4; lastKnownFileType = sourcecode.swift; path = MainMenuVC.swift; sourceTree = "<group>"; };
		2F9C36041BEC5C4B00FF14B3 /* AccountCreationVC.swift */ = {isa = PBXFileReference; fileEncoding = 4; lastKnownFileType = sourcecode.swift; path = AccountCreationVC.swift; sourceTree = "<group>"; };
		2F9C36061BEC5C8000FF14B3 /* RoutinesVC.swift */ = {isa = PBXFileReference; fileEncoding = 4; lastKnownFileType = sourcecode.swift; path = RoutinesVC.swift; sourceTree = "<group>"; };
		2F9C36081BEC5C9100FF14B3 /* ExercisesVC.swift */ = {isa = PBXFileReference; fileEncoding = 4; lastKnownFileType = sourcecode.swift; path = ExercisesVC.swift; sourceTree = "<group>"; };
		2F9C360A1BEC5C9B00FF14B3 /* StatsVC.swift */ = {isa = PBXFileReference; fileEncoding = 4; lastKnownFileType = sourcecode.swift; path = StatsVC.swift; sourceTree = "<group>"; };
		2FCAB7871C0EA4990022EDA2 /* CurrentRoutineTVC.swift */ = {isa = PBXFileReference; fileEncoding = 4; lastKnownFileType = sourcecode.swift; path = CurrentRoutineTVC.swift; sourceTree = "<group>"; };
		2FCAB7891C0EA5DD0022EDA2 /* CurrentRoutineCell.swift */ = {isa = PBXFileReference; fileEncoding = 4; lastKnownFileType = sourcecode.swift; path = CurrentRoutineCell.swift; sourceTree = "<group>"; };
		2FD0B1A71C13E10900D18180 /* RoutineCell.swift */ = {isa = PBXFileReference; fileEncoding = 4; lastKnownFileType = sourcecode.swift; path = RoutineCell.swift; sourceTree = "<group>"; };
		2FE886B91C014142004AB66E /* CreateRoutineVC.swift */ = {isa = PBXFileReference; fileEncoding = 4; lastKnownFileType = sourcecode.swift; path = CreateRoutineVC.swift; sourceTree = "<group>"; };
		6E6B059F3445DA7741D68EF4 /* Pods-PhysioGuide_7.release.xcconfig */ = {isa = PBXFileReference; includeInIndex = 1; lastKnownFileType = text.xcconfig; name = "Pods-PhysioGuide_7.release.xcconfig"; path = "Pods/Target Support Files/Pods-PhysioGuide_7/Pods-PhysioGuide_7.release.xcconfig"; sourceTree = "<group>"; };
		889AA6AAA55FAD65420352E4 /* Pods_PhysioGuide_7.framework */ = {isa = PBXFileReference; explicitFileType = wrapper.framework; includeInIndex = 0; path = Pods_PhysioGuide_7.framework; sourceTree = BUILT_PRODUCTS_DIR; };
		95015AB61BF67A0200E358D6 /* Account.swift */ = {isa = PBXFileReference; fileEncoding = 4; lastKnownFileType = sourcecode.swift; path = Account.swift; sourceTree = "<group>"; };
		9521D8B21BEF230B008F71C9 /* RoutineTVC.swift */ = {isa = PBXFileReference; fileEncoding = 4; lastKnownFileType = sourcecode.swift; path = RoutineTVC.swift; sourceTree = "<group>"; };
		953851051BF171C5009BC801 /* Routines.swift */ = {isa = PBXFileReference; fileEncoding = 4; lastKnownFileType = sourcecode.swift; path = Routines.swift; sourceTree = "<group>"; };
		953EC7B332A3AB3C57F7D14A /* Pods-PhysioGuide_7.debug.xcconfig */ = {isa = PBXFileReference; includeInIndex = 1; lastKnownFileType = text.xcconfig; name = "Pods-PhysioGuide_7.debug.xcconfig"; path = "Pods/Target Support Files/Pods-PhysioGuide_7/Pods-PhysioGuide_7.debug.xcconfig"; sourceTree = "<group>"; };
		9571ADE21BF168410058FC04 /* RunRoutineVC.swift */ = {isa = PBXFileReference; fileEncoding = 4; lastKnownFileType = sourcecode.swift; path = RunRoutineVC.swift; sourceTree = "<group>"; };
		CA6E62151C10524F000DF4A6 /* LocalSave.swift */ = {isa = PBXFileReference; fileEncoding = 4; lastKnownFileType = sourcecode.swift; path = LocalSave.swift; sourceTree = "<group>"; };
		CAA8A2E91C14424C00269EA6 /* GraphView.swift */ = {isa = PBXFileReference; fileEncoding = 4; lastKnownFileType = sourcecode.swift; path = GraphView.swift; sourceTree = "<group>"; };
		CAA8A2EB1C1457A700269EA6 /* Calories.swift */ = {isa = PBXFileReference; fileEncoding = 4; lastKnownFileType = sourcecode.swift; path = Calories.swift; sourceTree = "<group>"; };
		CAD714481C13C05700023C63 /* Stats.swift */ = {isa = PBXFileReference; fileEncoding = 4; lastKnownFileType = sourcecode.swift; path = Stats.swift; sourceTree = "<group>"; };
		D44D6D661C0AC6A400AEE63B /* backExtension.png */ = {isa = PBXFileReference; lastKnownFileType = image.png; name = backExtension.png; path = icon/backExtension.png; sourceTree = "<group>"; };
		D44D6D671C0AC6A400AEE63B /* backExtension(machine).png */ = {isa = PBXFileReference; lastKnownFileType = image.png; name = "backExtension(machine).png"; path = "icon/backExtension(machine).png"; sourceTree = "<group>"; };
		D44D6D681C0AC6A400AEE63B /* benchPress.png */ = {isa = PBXFileReference; lastKnownFileType = image.png; name = benchPress.png; path = icon/benchPress.png; sourceTree = "<group>"; };
		D44D6D691C0AC6A400AEE63B /* bendOverRow.png */ = {isa = PBXFileReference; lastKnownFileType = image.png; name = bendOverRow.png; path = icon/bendOverRow.png; sourceTree = "<group>"; };
		D44D6D6A1C0AC6A400AEE63B /* bicepsCurl.png */ = {isa = PBXFileReference; lastKnownFileType = image.png; name = bicepsCurl.png; path = icon/bicepsCurl.png; sourceTree = "<group>"; };
		D44D6D6B1C0AC6A400AEE63B /* CalfRaise.png */ = {isa = PBXFileReference; lastKnownFileType = image.png; name = CalfRaise.png; path = icon/CalfRaise.png; sourceTree = "<group>"; };
		D44D6D6C1C0AC6A400AEE63B /* catStrecth.png */ = {isa = PBXFileReference; lastKnownFileType = image.png; name = catStrecth.png; path = icon/catStrecth.png; sourceTree = "<group>"; };
		D44D6D6D1C0AC6A400AEE63B /* chest.png */ = {isa = PBXFileReference; lastKnownFileType = image.png; name = chest.png; path = icon/chest.png; sourceTree = "<group>"; };
		D44D6D6E1C0AC6A400AEE63B /* ChestFly.png */ = {isa = PBXFileReference; lastKnownFileType = image.png; name = ChestFly.png; path = icon/ChestFly.png; sourceTree = "<group>"; };
		D44D6D6F1C0AC6A400AEE63B /* crunch.png */ = {isa = PBXFileReference; lastKnownFileType = image.png; name = crunch.png; path = icon/crunch.png; sourceTree = "<group>"; };
		D44D6D701C0AC6A400AEE63B /* cycling.png */ = {isa = PBXFileReference; lastKnownFileType = image.png; name = cycling.png; path = icon/cycling.png; sourceTree = "<group>"; };
		D44D6D711C0AC6A400AEE63B /* deadlift.png */ = {isa = PBXFileReference; lastKnownFileType = image.png; name = deadlift.png; path = icon/deadlift.png; sourceTree = "<group>"; };
		D44D6D721C0AC6A400AEE63B /* frontAndBackNeck.png */ = {isa = PBXFileReference; lastKnownFileType = image.png; name = frontAndBackNeck.png; path = icon/frontAndBackNeck.png; sourceTree = "<group>"; };
		D44D6D731C0AC6A400AEE63B /* hiking.png */ = {isa = PBXFileReference; lastKnownFileType = image.png; name = hiking.png; path = icon/hiking.png; sourceTree = "<group>"; };
		D44D6D741C0AC6A400AEE63B /* hipAdductor.png */ = {isa = PBXFileReference; lastKnownFileType = image.png; name = hipAdductor.png; path = icon/hipAdductor.png; sourceTree = "<group>"; };
		D44D6D751C0AC6A400AEE63B /* jogging.png */ = {isa = PBXFileReference; lastKnownFileType = image.png; name = jogging.png; path = icon/jogging.png; sourceTree = "<group>"; };
		D44D6D761C0AC6A400AEE63B /* jumpingJacks.png */ = {isa = PBXFileReference; lastKnownFileType = image.png; name = jumpingJacks.png; path = icon/jumpingJacks.png; sourceTree = "<group>"; };
		D44D6D771C0AC6A400AEE63B /* kneesToChest.png */ = {isa = PBXFileReference; lastKnownFileType = image.png; name = kneesToChest.png; path = icon/kneesToChest.png; sourceTree = "<group>"; };
		D44D6D781C0AC6A400AEE63B /* lateralRaise.png */ = {isa = PBXFileReference; lastKnownFileType = image.png; name = lateralRaise.png; path = icon/lateralRaise.png; sourceTree = "<group>"; };
		D44D6D791C0AC6A400AEE63B /* leg press.png */ = {isa = PBXFileReference; lastKnownFileType = image.png; name = "leg press.png"; path = "icon/leg press.png"; sourceTree = "<group>"; };
		D44D6D7A1C0AC6A400AEE63B /* legCurl.png */ = {isa = PBXFileReference; lastKnownFileType = image.png; name = legCurl.png; path = icon/legCurl.png; sourceTree = "<group>"; };
		D44D6D7B1C0AC6A400AEE63B /* legExtension.png */ = {isa = PBXFileReference; lastKnownFileType = image.png; name = legExtension.png; path = icon/legExtension.png; sourceTree = "<group>"; };
		D44D6D7C1C0AC6A400AEE63B /* legRaise.png */ = {isa = PBXFileReference; lastKnownFileType = image.png; name = legRaise.png; path = icon/legRaise.png; sourceTree = "<group>"; };
		D44D6D7D1C0AC6A400AEE63B /* lunge.png */ = {isa = PBXFileReference; lastKnownFileType = image.png; name = lunge.png; path = icon/lunge.png; sourceTree = "<group>"; };
		D44D6D7E1C0AC6A400AEE63B /* modifiedHurdlerStretch.png */ = {isa = PBXFileReference; lastKnownFileType = image.png; name = modifiedHurdlerStretch.png; path = icon/modifiedHurdlerStretch.png; sourceTree = "<group>"; };
		D44D6D7F1C0AC6A400AEE63B /* pullDown.png */ = {isa = PBXFileReference; lastKnownFileType = image.png; name = pullDown.png; path = icon/pullDown.png; sourceTree = "<group>"; };
		D44D6D801C0AC6A400AEE63B /* pullUp.png */ = {isa = PBXFileReference; lastKnownFileType = image.png; name = pullUp.png; path = icon/pullUp.png; sourceTree = "<group>"; };
		D44D6D811C0AC6A400AEE63B /* pushDown.png */ = {isa = PBXFileReference; lastKnownFileType = image.png; name = pushDown.png; path = icon/pushDown.png; sourceTree = "<group>"; };
		D44D6D821C0AC6A400AEE63B /* pushUp.png */ = {isa = PBXFileReference; lastKnownFileType = image.png; name = pushUp.png; path = icon/pushUp.png; sourceTree = "<group>"; };
		D44D6D831C0AC6A400AEE63B /* quadricepsStretch.png */ = {isa = PBXFileReference; lastKnownFileType = image.png; name = quadricepsStretch.png; path = icon/quadricepsStretch.png; sourceTree = "<group>"; };
		D44D6D841C0AC6A400AEE63B /* reclinedHamstringStretch.png */ = {isa = PBXFileReference; lastKnownFileType = image.png; name = reclinedHamstringStretch.png; path = icon/reclinedHamstringStretch.png; sourceTree = "<group>"; };
		D44D6D851C0AC6A400AEE63B /* runner'sLunge.png */ = {isa = PBXFileReference; lastKnownFileType = image.png; name = "runner'sLunge.png"; path = "icon/runner'sLunge.png"; sourceTree = "<group>"; };
		D44D6D861C0AC6A400AEE63B /* running.png */ = {isa = PBXFileReference; lastKnownFileType = image.png; name = running.png; path = icon/running.png; sourceTree = "<group>"; };
		D44D6D871C0AC6A400AEE63B /* russianTwist.png */ = {isa = PBXFileReference; lastKnownFileType = image.png; name = russianTwist.png; path = icon/russianTwist.png; sourceTree = "<group>"; };
		D44D6D881C0AC6A400AEE63B /* shoulderFlexion.png */ = {isa = PBXFileReference; lastKnownFileType = image.png; name = shoulderFlexion.png; path = icon/shoulderFlexion.png; sourceTree = "<group>"; };
		D44D6D891C0AC6A400AEE63B /* shoulderOverhead.png */ = {isa = PBXFileReference; lastKnownFileType = image.png; name = shoulderOverhead.png; path = icon/shoulderOverhead.png; sourceTree = "<group>"; };
		D44D6D8A1C0AC6A400AEE63B /* shoulderPosteior.png */ = {isa = PBXFileReference; lastKnownFileType = image.png; name = shoulderPosteior.png; path = icon/shoulderPosteior.png; sourceTree = "<group>"; };
		D44D6D8B1C0AC6A400AEE63B /* shoulderPress.png */ = {isa = PBXFileReference; lastKnownFileType = image.png; name = shoulderPress.png; path = icon/shoulderPress.png; sourceTree = "<group>"; };
		D44D6D8C1C0AC6A400AEE63B /* shoulderShrug.png */ = {isa = PBXFileReference; lastKnownFileType = image.png; name = shoulderShrug.png; path = icon/shoulderShrug.png; sourceTree = "<group>"; };
		D44D6D8D1C0AC6A400AEE63B /* sideLunge.png */ = {isa = PBXFileReference; lastKnownFileType = image.png; name = sideLunge.png; path = icon/sideLunge.png; sourceTree = "<group>"; };
		D44D6D8E1C0AC6A400AEE63B /* sideNeck.png */ = {isa = PBXFileReference; lastKnownFileType = image.png; name = sideNeck.png; path = icon/sideNeck.png; sourceTree = "<group>"; };
		D44D6D8F1C0AC6A400AEE63B /* sideTrunk.png */ = {isa = PBXFileReference; lastKnownFileType = image.png; name = sideTrunk.png; path = icon/sideTrunk.png; sourceTree = "<group>"; };
		D44D6D901C0AC6A400AEE63B /* sittingHipStretch.png */ = {isa = PBXFileReference; lastKnownFileType = image.png; name = sittingHipStretch.png; path = icon/sittingHipStretch.png; sourceTree = "<group>"; };
		D44D6D911C0AC6A400AEE63B /* spinalTwist.png */ = {isa = PBXFileReference; lastKnownFileType = image.png; name = spinalTwist.png; path = icon/spinalTwist.png; sourceTree = "<group>"; };
		D44D6D921C0AC6A400AEE63B /* squat.png */ = {isa = PBXFileReference; lastKnownFileType = image.png; name = squat.png; path = icon/squat.png; sourceTree = "<group>"; };
		D44D6D931C0AC6A400AEE63B /* stairClimbing.png */ = {isa = PBXFileReference; lastKnownFileType = image.png; name = stairClimbing.png; path = icon/stairClimbing.png; sourceTree = "<group>"; };
		D44D6D941C0AC6A400AEE63B /* tricepsPress.png */ = {isa = PBXFileReference; lastKnownFileType = image.png; name = tricepsPress.png; path = icon/tricepsPress.png; sourceTree = "<group>"; };
		D44D6D951C0AC6A400AEE63B /* walking.png */ = {isa = PBXFileReference; lastKnownFileType = image.png; name = walking.png; path = icon/walking.png; sourceTree = "<group>"; };
		D44D6D961C0AC6A400AEE63B /* wallCalfStretch.png */ = {isa = PBXFileReference; lastKnownFileType = image.png; name = wallCalfStretch.png; path = icon/wallCalfStretch.png; sourceTree = "<group>"; };
		D44D6D971C0AC6A400AEE63B /* wristExtension.png */ = {isa = PBXFileReference; lastKnownFileType = image.png; name = wristExtension.png; path = icon/wristExtension.png; sourceTree = "<group>"; };
		D44D6D981C0AC6A400AEE63B /* wristFlexion.png */ = {isa = PBXFileReference; lastKnownFileType = image.png; name = wristFlexion.png; path = icon/wristFlexion.png; sourceTree = "<group>"; };
		D461DAD31C06D96E003166F0 /* UpdatedExerciseViewController.swift */ = {isa = PBXFileReference; fileEncoding = 4; lastKnownFileType = sourcecode.swift; path = UpdatedExerciseViewController.swift; sourceTree = "<group>"; };
		D461DAD51C070AC0003166F0 /* UpdatedExerciseTVC.swift */ = {isa = PBXFileReference; fileEncoding = 4; lastKnownFileType = sourcecode.swift; path = UpdatedExerciseTVC.swift; sourceTree = "<group>"; };
		D4E91BDD1C13635F009ABB9A /* AccelerometerDetectionViewController.swift */ = {isa = PBXFileReference; fileEncoding = 4; lastKnownFileType = sourcecode.swift; path = AccelerometerDetectionViewController.swift; sourceTree = "<group>"; };
		D4E91BDF1C13640D009ABB9A /* CoreMotion.framework */ = {isa = PBXFileReference; lastKnownFileType = wrapper.framework; name = CoreMotion.framework; path = System/Library/Frameworks/CoreMotion.framework; sourceTree = SDKROOT; };
		D4E9D8231C0A7B6A00877D4B /* PlayVideoViewController.swift */ = {isa = PBXFileReference; fileEncoding = 4; lastKnownFileType = sourcecode.swift; path = PlayVideoViewController.swift; sourceTree = "<group>"; };
		D4E9D8251C0AAEBE00877D4B /* ExerciseArray.swift */ = {isa = PBXFileReference; fileEncoding = 4; lastKnownFileType = sourcecode.swift; path = ExerciseArray.swift; sourceTree = "<group>"; };
		D4E9D8271C0AAF7E00877D4B /* ExerciseClass.swift */ = {isa = PBXFileReference; fileEncoding = 4; lastKnownFileType = sourcecode.swift; path = ExerciseClass.swift; sourceTree = "<group>"; };
		D4FFDD1F1C037A840022F22E /* YouTubePlayer.framework */ = {isa = PBXFileReference; lastKnownFileType = wrapper.framework; name = YouTubePlayer.framework; path = Carthage/Build/iOS/YouTubePlayer.framework; sourceTree = "<group>"; };
		D4FFDD221C037B700022F22E /* Pods_PhysioGuide_7.framework */ = {isa = PBXFileReference; lastKnownFileType = wrapper.framework; name = Pods_PhysioGuide_7.framework; path = "Pods/../build/Debug-iphoneos/Pods_PhysioGuide_7.framework"; sourceTree = "<group>"; };
/* End PBXFileReference section */

/* Begin PBXFrameworksBuildPhase section */
		2F9C35DA1BEC5AF600FF14B3 /* Frameworks */ = {
			isa = PBXFrameworksBuildPhase;
			buildActionMask = 2147483647;
			files = (
				D4E91BE01C13640D009ABB9A /* CoreMotion.framework in Frameworks */,
				D4FFDD231C037B700022F22E /* Pods_PhysioGuide_7.framework in Frameworks */,
				D4FFDD201C037A840022F22E /* YouTubePlayer.framework in Frameworks */,
			);
			runOnlyForDeploymentPostprocessing = 0;
		};
		2F9C35EF1BEC5AF600FF14B3 /* Frameworks */ = {
			isa = PBXFrameworksBuildPhase;
			buildActionMask = 2147483647;
			files = (
			);
			runOnlyForDeploymentPostprocessing = 0;
		};
/* End PBXFrameworksBuildPhase section */

/* Begin PBXGroup section */
		2F9C35D41BEC5AF600FF14B3 = {
			isa = PBXGroup;
			children = (
				D44D6D651C0AC67800AEE63B /* Icon */,
				2F9C35DF1BEC5AF600FF14B3 /* PhysioGuide_6.3_latest */,
				2F9C35F51BEC5AF600FF14B3 /* PhysioGuide_6.3_latestTests */,
				2F9C35DE1BEC5AF600FF14B3 /* Products */,
				E3FD3EF8E69F250F9F47379C /* Pods */,
				78203992197FE254FADA0CDB /* Frameworks */,
			);
			sourceTree = "<group>";
		};
		2F9C35DE1BEC5AF600FF14B3 /* Products */ = {
			isa = PBXGroup;
			children = (
				2F9C35DD1BEC5AF600FF14B3 /* PhysioGuide_7.app */,
				2F9C35F21BEC5AF600FF14B3 /* PhysioGuide_7.xctest */,
			);
			name = Products;
			sourceTree = "<group>";
		};
		2F9C35DF1BEC5AF600FF14B3 /* PhysioGuide_6.3_latest */ = {
			isa = PBXGroup;
			children = (
				2F9C35E21BEC5AF600FF14B3 /* AppDelegate.swift */,
				2F9C35E41BEC5AF600FF14B3 /* LogInVC.swift */,
				95015AB61BF67A0200E358D6 /* Account.swift */,
				2F9C36021BEC5B3000FF14B3 /* MainMenuVC.swift */,
				CA6E62151C10524F000DF4A6 /* LocalSave.swift */,
				2F9C36041BEC5C4B00FF14B3 /* AccountCreationVC.swift */,
				2F9C36061BEC5C8000FF14B3 /* RoutinesVC.swift */,
				953851051BF171C5009BC801 /* Routines.swift */,
				9521D8B21BEF230B008F71C9 /* RoutineTVC.swift */,
				2FD0B1A71C13E10900D18180 /* RoutineCell.swift */,
				9571ADE21BF168410058FC04 /* RunRoutineVC.swift */,
				2F9C35E61BEC5AF600FF14B3 /* Main.storyboard */,
				D4E91BDD1C13635F009ABB9A /* AccelerometerDetectionViewController.swift */,
				2FE886B91C014142004AB66E /* CreateRoutineVC.swift */,
				2FCAB7871C0EA4990022EDA2 /* CurrentRoutineTVC.swift */,
				2FCAB7891C0EA5DD0022EDA2 /* CurrentRoutineCell.swift */,
				2F3398681C02E5AC00B22C38 /* ExerciseListTVC.swift */,
				2F3398641C02E49300B22C38 /* ExerciseListTVCCell.swift */,
				D4E9D8251C0AAEBE00877D4B /* ExerciseArray.swift */,
				D4E9D8271C0AAF7E00877D4B /* ExerciseClass.swift */,
				D461DAD31C06D96E003166F0 /* UpdatedExerciseViewController.swift */,
				D461DAD51C070AC0003166F0 /* UpdatedExerciseTVC.swift */,
				D4E9D8231C0A7B6A00877D4B /* PlayVideoViewController.swift */,
				2F9C36081BEC5C9100FF14B3 /* ExercisesVC.swift */,
				2F3398601C02DD9400B22C38 /* Exercise.swift */,
				CAA8A2EB1C1457A700269EA6 /* Calories.swift */,
				CAA8A2E91C14424C00269EA6 /* GraphView.swift */,
				2F9C360A1BEC5C9B00FF14B3 /* StatsVC.swift */,
				2F9C35E91BEC5AF600FF14B3 /* Images.xcassets */,
				2F9C35EB1BEC5AF600FF14B3 /* LaunchScreen.xib */,
				2F9C35E01BEC5AF600FF14B3 /* Supporting Files */,
				CAD714481C13C05700023C63 /* Stats.swift */,
			);
			path = PhysioGuide_6.3_latest;
			sourceTree = "<group>";
		};
		2F9C35E01BEC5AF600FF14B3 /* Supporting Files */ = {
			isa = PBXGroup;
			children = (
				2F9C35E11BEC5AF600FF14B3 /* Info.plist */,
			);
			name = "Supporting Files";
			sourceTree = "<group>";
		};
		2F9C35F51BEC5AF600FF14B3 /* PhysioGuide_6.3_latestTests */ = {
			isa = PBXGroup;
			children = (
				2F9C35F81BEC5AF600FF14B3 /* PhysioGuide_6_3_latestTests.swift */,
				2F9C35F61BEC5AF600FF14B3 /* Supporting Files */,
			);
			path = PhysioGuide_6.3_latestTests;
			sourceTree = "<group>";
		};
		2F9C35F61BEC5AF600FF14B3 /* Supporting Files */ = {
			isa = PBXGroup;
			children = (
				2F9C35F71BEC5AF600FF14B3 /* Info.plist */,
			);
			name = "Supporting Files";
			sourceTree = "<group>";
		};
		78203992197FE254FADA0CDB /* Frameworks */ = {
			isa = PBXGroup;
			children = (
				D4E91BDF1C13640D009ABB9A /* CoreMotion.framework */,
				D4FFDD221C037B700022F22E /* Pods_PhysioGuide_7.framework */,
				D4FFDD1F1C037A840022F22E /* YouTubePlayer.framework */,
				889AA6AAA55FAD65420352E4 /* Pods_PhysioGuide_7.framework */,
			);
			name = Frameworks;
			sourceTree = "<group>";
		};
		D44D6D651C0AC67800AEE63B /* Icon */ = {
			isa = PBXGroup;
			children = (
				D44D6D661C0AC6A400AEE63B /* backExtension.png */,
				D44D6D671C0AC6A400AEE63B /* backExtension(machine).png */,
				D44D6D681C0AC6A400AEE63B /* benchPress.png */,
				D44D6D691C0AC6A400AEE63B /* bendOverRow.png */,
				D44D6D6A1C0AC6A400AEE63B /* bicepsCurl.png */,
				D44D6D6B1C0AC6A400AEE63B /* CalfRaise.png */,
				D44D6D6C1C0AC6A400AEE63B /* catStrecth.png */,
				D44D6D6D1C0AC6A400AEE63B /* chest.png */,
				D44D6D6E1C0AC6A400AEE63B /* ChestFly.png */,
				D44D6D6F1C0AC6A400AEE63B /* crunch.png */,
				D44D6D701C0AC6A400AEE63B /* cycling.png */,
				D44D6D711C0AC6A400AEE63B /* deadlift.png */,
				D44D6D721C0AC6A400AEE63B /* frontAndBackNeck.png */,
				D44D6D731C0AC6A400AEE63B /* hiking.png */,
				D44D6D741C0AC6A400AEE63B /* hipAdductor.png */,
				D44D6D751C0AC6A400AEE63B /* jogging.png */,
				D44D6D761C0AC6A400AEE63B /* jumpingJacks.png */,
				D44D6D771C0AC6A400AEE63B /* kneesToChest.png */,
				D44D6D781C0AC6A400AEE63B /* lateralRaise.png */,
				D44D6D791C0AC6A400AEE63B /* leg press.png */,
				D44D6D7A1C0AC6A400AEE63B /* legCurl.png */,
				D44D6D7B1C0AC6A400AEE63B /* legExtension.png */,
				D44D6D7C1C0AC6A400AEE63B /* legRaise.png */,
				D44D6D7D1C0AC6A400AEE63B /* lunge.png */,
				D44D6D7E1C0AC6A400AEE63B /* modifiedHurdlerStretch.png */,
				D44D6D7F1C0AC6A400AEE63B /* pullDown.png */,
				D44D6D801C0AC6A400AEE63B /* pullUp.png */,
				D44D6D811C0AC6A400AEE63B /* pushDown.png */,
				D44D6D821C0AC6A400AEE63B /* pushUp.png */,
				D44D6D831C0AC6A400AEE63B /* quadricepsStretch.png */,
				D44D6D841C0AC6A400AEE63B /* reclinedHamstringStretch.png */,
				D44D6D851C0AC6A400AEE63B /* runner'sLunge.png */,
				D44D6D861C0AC6A400AEE63B /* running.png */,
				D44D6D871C0AC6A400AEE63B /* russianTwist.png */,
				D44D6D881C0AC6A400AEE63B /* shoulderFlexion.png */,
				D44D6D891C0AC6A400AEE63B /* shoulderOverhead.png */,
				D44D6D8A1C0AC6A400AEE63B /* shoulderPosteior.png */,
				D44D6D8B1C0AC6A400AEE63B /* shoulderPress.png */,
				D44D6D8C1C0AC6A400AEE63B /* shoulderShrug.png */,
				D44D6D8D1C0AC6A400AEE63B /* sideLunge.png */,
				D44D6D8E1C0AC6A400AEE63B /* sideNeck.png */,
				D44D6D8F1C0AC6A400AEE63B /* sideTrunk.png */,
				D44D6D901C0AC6A400AEE63B /* sittingHipStretch.png */,
				D44D6D911C0AC6A400AEE63B /* spinalTwist.png */,
				D44D6D921C0AC6A400AEE63B /* squat.png */,
				D44D6D931C0AC6A400AEE63B /* stairClimbing.png */,
				D44D6D941C0AC6A400AEE63B /* tricepsPress.png */,
				D44D6D951C0AC6A400AEE63B /* walking.png */,
				D44D6D961C0AC6A400AEE63B /* wallCalfStretch.png */,
				D44D6D971C0AC6A400AEE63B /* wristExtension.png */,
				D44D6D981C0AC6A400AEE63B /* wristFlexion.png */,
			);
			name = Icon;
			sourceTree = "<group>";
		};
		E3FD3EF8E69F250F9F47379C /* Pods */ = {
			isa = PBXGroup;
			children = (
				953EC7B332A3AB3C57F7D14A /* Pods-PhysioGuide_7.debug.xcconfig */,
				6E6B059F3445DA7741D68EF4 /* Pods-PhysioGuide_7.release.xcconfig */,
			);
			name = Pods;
			sourceTree = "<group>";
		};
/* End PBXGroup section */

/* Begin PBXNativeTarget section */
		2F9C35DC1BEC5AF600FF14B3 /* PhysioGuide_7 */ = {
			isa = PBXNativeTarget;
			buildConfigurationList = 2F9C35FC1BEC5AF600FF14B3 /* Build configuration list for PBXNativeTarget "PhysioGuide_7" */;
			buildPhases = (
				B238B0720E29FEF865C32EE8 /* Check Pods Manifest.lock */,
				2F9C35D91BEC5AF600FF14B3 /* Sources */,
				2F9C35DA1BEC5AF600FF14B3 /* Frameworks */,
				2F9C35DB1BEC5AF600FF14B3 /* Resources */,
				D11A7244B995F98D521C9281 /* Embed Pods Frameworks */,
				0009170C1D28D881115D1C80 /* Copy Pods Resources */,
				D4FFDD211C037ADB0022F22E /* ShellScript */,
			);
			buildRules = (
			);
			dependencies = (
			);
			name = PhysioGuide_7;
			productName = PhysioGuide_6.3_latest;
			productReference = 2F9C35DD1BEC5AF600FF14B3 /* PhysioGuide_7.app */;
			productType = "com.apple.product-type.application";
		};
		2F9C35F11BEC5AF600FF14B3 /* PhysioGuide_7Tests */ = {
			isa = PBXNativeTarget;
			buildConfigurationList = 2F9C35FF1BEC5AF600FF14B3 /* Build configuration list for PBXNativeTarget "PhysioGuide_7Tests" */;
			buildPhases = (
				2F9C35EE1BEC5AF600FF14B3 /* Sources */,
				2F9C35EF1BEC5AF600FF14B3 /* Frameworks */,
				2F9C35F01BEC5AF600FF14B3 /* Resources */,
			);
			buildRules = (
			);
			dependencies = (
				2F9C35F41BEC5AF600FF14B3 /* PBXTargetDependency */,
			);
			name = PhysioGuide_7Tests;
			productName = PhysioGuide_6.3_latestTests;
			productReference = 2F9C35F21BEC5AF600FF14B3 /* PhysioGuide_7.xctest */;
			productType = "com.apple.product-type.bundle.unit-test";
		};
/* End PBXNativeTarget section */

/* Begin PBXProject section */
		2F9C35D51BEC5AF600FF14B3 /* Project object */ = {
			isa = PBXProject;
			attributes = {
				LastSwiftMigration = 0710;
				LastSwiftUpdateCheck = 0710;
				LastUpgradeCheck = 0710;
				ORGANIZATIONNAME = "Team STAR";
				TargetAttributes = {
					2F9C35DC1BEC5AF600FF14B3 = {
						CreatedOnToolsVersion = 6.3;
						DevelopmentTeam = 8YSP42Z639;
					};
					2F9C35F11BEC5AF600FF14B3 = {
						CreatedOnToolsVersion = 6.3;
						TestTargetID = 2F9C35DC1BEC5AF600FF14B3;
					};
				};
			};
			buildConfigurationList = 2F9C35D81BEC5AF600FF14B3 /* Build configuration list for PBXProject "PhysioGuide_7" */;
			compatibilityVersion = "Xcode 3.2";
			developmentRegion = English;
			hasScannedForEncodings = 0;
			knownRegions = (
				en,
				Base,
			);
			mainGroup = 2F9C35D41BEC5AF600FF14B3;
			productRefGroup = 2F9C35DE1BEC5AF600FF14B3 /* Products */;
			projectDirPath = "";
			projectRoot = "";
			targets = (
				2F9C35DC1BEC5AF600FF14B3 /* PhysioGuide_7 */,
				2F9C35F11BEC5AF600FF14B3 /* PhysioGuide_7Tests */,
			);
		};
/* End PBXProject section */

/* Begin PBXResourcesBuildPhase section */
		2F9C35DB1BEC5AF600FF14B3 /* Resources */ = {
			isa = PBXResourcesBuildPhase;
			buildActionMask = 2147483647;
			files = (
				D44D6D9C1C0AC6A400AEE63B /* bendOverRow.png in Resources */,
				D44D6DC21C0AC6A400AEE63B /* sideTrunk.png in Resources */,
				D44D6DB21C0AC6A400AEE63B /* pullDown.png in Resources */,
				D44D6DBD1C0AC6A400AEE63B /* shoulderPosteior.png in Resources */,
				D44D6DB51C0AC6A400AEE63B /* pushUp.png in Resources */,
				D44D6DA11C0AC6A400AEE63B /* ChestFly.png in Resources */,
				D44D6D9B1C0AC6A400AEE63B /* benchPress.png in Resources */,
				2F9C35E81BEC5AF600FF14B3 /* Main.storyboard in Resources */,
				D44D6DAD1C0AC6A400AEE63B /* legCurl.png in Resources */,
				D44D6DB11C0AC6A400AEE63B /* modifiedHurdlerStretch.png in Resources */,
				D44D6DC81C0AC6A400AEE63B /* walking.png in Resources */,
				D44D6DC61C0AC6A400AEE63B /* stairClimbing.png in Resources */,
				D44D6DC51C0AC6A400AEE63B /* squat.png in Resources */,
				D44D6DA81C0AC6A400AEE63B /* jogging.png in Resources */,
				D44D6DB61C0AC6A400AEE63B /* quadricepsStretch.png in Resources */,
				D44D6DA91C0AC6A400AEE63B /* jumpingJacks.png in Resources */,
				D44D6DB41C0AC6A400AEE63B /* pushDown.png in Resources */,
				D44D6DA41C0AC6A400AEE63B /* deadlift.png in Resources */,
				D44D6DA51C0AC6A400AEE63B /* frontAndBackNeck.png in Resources */,
				D44D6DAB1C0AC6A400AEE63B /* lateralRaise.png in Resources */,
				D44D6DB91C0AC6A400AEE63B /* running.png in Resources */,
				D44D6D9E1C0AC6A400AEE63B /* CalfRaise.png in Resources */,
				D44D6D9F1C0AC6A400AEE63B /* catStrecth.png in Resources */,
				D44D6DBE1C0AC6A400AEE63B /* shoulderPress.png in Resources */,
				2F9C35ED1BEC5AF600FF14B3 /* LaunchScreen.xib in Resources */,
				D44D6DB01C0AC6A400AEE63B /* lunge.png in Resources */,
				D44D6DC41C0AC6A400AEE63B /* spinalTwist.png in Resources */,
				D44D6DA21C0AC6A400AEE63B /* crunch.png in Resources */,
				D44D6D991C0AC6A400AEE63B /* backExtension.png in Resources */,
				D44D6DA61C0AC6A400AEE63B /* hiking.png in Resources */,
				D44D6DBF1C0AC6A400AEE63B /* shoulderShrug.png in Resources */,
				D44D6DBC1C0AC6A400AEE63B /* shoulderOverhead.png in Resources */,
				D44D6DCA1C0AC6A400AEE63B /* wristExtension.png in Resources */,
				D44D6DC31C0AC6A400AEE63B /* sittingHipStretch.png in Resources */,
				D44D6DC91C0AC6A400AEE63B /* wallCalfStretch.png in Resources */,
				D44D6D9D1C0AC6A400AEE63B /* bicepsCurl.png in Resources */,
				D44D6DA71C0AC6A400AEE63B /* hipAdductor.png in Resources */,
				D44D6DBA1C0AC6A400AEE63B /* russianTwist.png in Resources */,
				D44D6DAE1C0AC6A400AEE63B /* legExtension.png in Resources */,
				D44D6DB71C0AC6A400AEE63B /* reclinedHamstringStretch.png in Resources */,
				D44D6DAC1C0AC6A400AEE63B /* leg press.png in Resources */,
				D44D6DC71C0AC6A400AEE63B /* tricepsPress.png in Resources */,
				D44D6DC11C0AC6A400AEE63B /* sideNeck.png in Resources */,
				D44D6DCB1C0AC6A400AEE63B /* wristFlexion.png in Resources */,
				D44D6DB31C0AC6A400AEE63B /* pullUp.png in Resources */,
				D44D6D9A1C0AC6A400AEE63B /* backExtension(machine).png in Resources */,
				D44D6DB81C0AC6A400AEE63B /* runner'sLunge.png in Resources */,
				D44D6DA31C0AC6A400AEE63B /* cycling.png in Resources */,
				D44D6DBB1C0AC6A400AEE63B /* shoulderFlexion.png in Resources */,
				D44D6DA01C0AC6A400AEE63B /* chest.png in Resources */,
				D44D6DAF1C0AC6A400AEE63B /* legRaise.png in Resources */,
				2F9C35EA1BEC5AF600FF14B3 /* Images.xcassets in Resources */,
				D44D6DC01C0AC6A400AEE63B /* sideLunge.png in Resources */,
				D44D6DAA1C0AC6A400AEE63B /* kneesToChest.png in Resources */,
			);
			runOnlyForDeploymentPostprocessing = 0;
		};
		2F9C35F01BEC5AF600FF14B3 /* Resources */ = {
			isa = PBXResourcesBuildPhase;
			buildActionMask = 2147483647;
			files = (
			);
			runOnlyForDeploymentPostprocessing = 0;
		};
/* End PBXResourcesBuildPhase section */

/* Begin PBXShellScriptBuildPhase section */
		0009170C1D28D881115D1C80 /* Copy Pods Resources */ = {
			isa = PBXShellScriptBuildPhase;
			buildActionMask = 2147483647;
			files = (
			);
			inputPaths = (
			);
			name = "Copy Pods Resources";
			outputPaths = (
			);
			runOnlyForDeploymentPostprocessing = 0;
			shellPath = /bin/sh;
			shellScript = "\"${SRCROOT}/Pods/Target Support Files/Pods-PhysioGuide_7/Pods-PhysioGuide_7-resources.sh\"\n";
			showEnvVarsInLog = 0;
		};
		B238B0720E29FEF865C32EE8 /* Check Pods Manifest.lock */ = {
			isa = PBXShellScriptBuildPhase;
			buildActionMask = 2147483647;
			files = (
			);
			inputPaths = (
			);
			name = "Check Pods Manifest.lock";
			outputPaths = (
			);
			runOnlyForDeploymentPostprocessing = 0;
			shellPath = /bin/sh;
			shellScript = "diff \"${PODS_ROOT}/../Podfile.lock\" \"${PODS_ROOT}/Manifest.lock\" > /dev/null\nif [[ $? != 0 ]] ; then\n    cat << EOM\nerror: The sandbox is not in sync with the Podfile.lock. Run 'pod install' or update your CocoaPods installation.\nEOM\n    exit 1\nfi\n";
			showEnvVarsInLog = 0;
		};
		D11A7244B995F98D521C9281 /* Embed Pods Frameworks */ = {
			isa = PBXShellScriptBuildPhase;
			buildActionMask = 2147483647;
			files = (
			);
			inputPaths = (
			);
			name = "Embed Pods Frameworks";
			outputPaths = (
			);
			runOnlyForDeploymentPostprocessing = 0;
			shellPath = /bin/sh;
			shellScript = "\"${SRCROOT}/Pods/Target Support Files/Pods-PhysioGuide_7/Pods-PhysioGuide_7-frameworks.sh\"\n";
			showEnvVarsInLog = 0;
		};
		D4FFDD211C037ADB0022F22E /* ShellScript */ = {
			isa = PBXShellScriptBuildPhase;
			buildActionMask = 8;
			files = (
			);
			inputPaths = (
				"$(SRCROOT)/Carthage/Build/iOS/YouTubePlayer.framework",
			);
			outputPaths = (
			);
			runOnlyForDeploymentPostprocessing = 1;
			shellPath = "/usr/local/bin/carthage copy-frameworks";
			shellScript = "";
		};
/* End PBXShellScriptBuildPhase section */

/* Begin PBXSourcesBuildPhase section */
		2F9C35D91BEC5AF600FF14B3 /* Sources */ = {
			isa = PBXSourcesBuildPhase;
			buildActionMask = 2147483647;
			files = (
				D4E9D8261C0AAEBE00877D4B /* ExerciseArray.swift in Sources */,
				2F9C36091BEC5C9100FF14B3 /* ExercisesVC.swift in Sources */,
				D461DAD41C06D96E003166F0 /* UpdatedExerciseViewController.swift in Sources */,
				CAA8A2EC1C1457A700269EA6 /* Calories.swift in Sources */,
				953851061BF171C5009BC801 /* Routines.swift in Sources */,
				2F3398611C02DD9400B22C38 /* Exercise.swift in Sources */,
				2F3398651C02E49300B22C38 /* ExerciseListTVCCell.swift in Sources */,
				9521D8B31BEF230B008F71C9 /* RoutineTVC.swift in Sources */,
				2F9C35E51BEC5AF600FF14B3 /* LogInVC.swift in Sources */,
				D4E9D8241C0A7B6A00877D4B /* PlayVideoViewController.swift in Sources */,
				D461DAD61C070AC0003166F0 /* UpdatedExerciseTVC.swift in Sources */,
				2FCAB7881C0EA4990022EDA2 /* CurrentRoutineTVC.swift in Sources */,
				CA6E62161C10524F000DF4A6 /* LocalSave.swift in Sources */,
				2F9C36051BEC5C4B00FF14B3 /* AccountCreationVC.swift in Sources */,
				2FE886BA1C014142004AB66E /* CreateRoutineVC.swift in Sources */,
				2FCAB78A1C0EA5DD0022EDA2 /* CurrentRoutineCell.swift in Sources */,
				95015AB71BF67A0200E358D6 /* Account.swift in Sources */,
				2F9C35E31BEC5AF600FF14B3 /* AppDelegate.swift in Sources */,
				2F9C36071BEC5C8000FF14B3 /* RoutinesVC.swift in Sources */,
				9571ADE31BF168410058FC04 /* RunRoutineVC.swift in Sources */,
				2FD0B1A81C13E10900D18180 /* RoutineCell.swift in Sources */,
				CAA8A2EA1C14424C00269EA6 /* GraphView.swift in Sources */,
				D4E9D8281C0AAF7E00877D4B /* ExerciseClass.swift in Sources */,
				2F3398691C02E5AC00B22C38 /* ExerciseListTVC.swift in Sources */,
				CAD714491C13C05700023C63 /* Stats.swift in Sources */,
				2F9C360B1BEC5C9B00FF14B3 /* StatsVC.swift in Sources */,
				D4E91BDE1C13635F009ABB9A /* AccelerometerDetectionViewController.swift in Sources */,
				2F9C36031BEC5B3000FF14B3 /* MainMenuVC.swift in Sources */,
			);
			runOnlyForDeploymentPostprocessing = 0;
		};
		2F9C35EE1BEC5AF600FF14B3 /* Sources */ = {
			isa = PBXSourcesBuildPhase;
			buildActionMask = 2147483647;
			files = (
				2F9C35F91BEC5AF600FF14B3 /* PhysioGuide_6_3_latestTests.swift in Sources */,
			);
			runOnlyForDeploymentPostprocessing = 0;
		};
/* End PBXSourcesBuildPhase section */

/* Begin PBXTargetDependency section */
		2F9C35F41BEC5AF600FF14B3 /* PBXTargetDependency */ = {
			isa = PBXTargetDependency;
			target = 2F9C35DC1BEC5AF600FF14B3 /* PhysioGuide_7 */;
			targetProxy = 2F9C35F31BEC5AF600FF14B3 /* PBXContainerItemProxy */;
		};
/* End PBXTargetDependency section */

/* Begin PBXVariantGroup section */
		2F9C35E61BEC5AF600FF14B3 /* Main.storyboard */ = {
			isa = PBXVariantGroup;
			children = (
				2F9C35E71BEC5AF600FF14B3 /* Base */,
			);
			name = Main.storyboard;
			sourceTree = "<group>";
		};
		2F9C35EB1BEC5AF600FF14B3 /* LaunchScreen.xib */ = {
			isa = PBXVariantGroup;
			children = (
				2F9C35EC1BEC5AF600FF14B3 /* Base */,
			);
			name = LaunchScreen.xib;
			sourceTree = "<group>";
		};
/* End PBXVariantGroup section */

/* Begin XCBuildConfiguration section */
		2F9C35FA1BEC5AF600FF14B3 /* Debug */ = {
			isa = XCBuildConfiguration;
			buildSettings = {
				ALWAYS_SEARCH_USER_PATHS = NO;
				CLANG_CXX_LANGUAGE_STANDARD = "gnu++0x";
				CLANG_CXX_LIBRARY = "libc++";
				CLANG_ENABLE_MODULES = YES;
				CLANG_ENABLE_OBJC_ARC = YES;
				CLANG_WARN_BOOL_CONVERSION = YES;
				CLANG_WARN_CONSTANT_CONVERSION = YES;
				CLANG_WARN_DIRECT_OBJC_ISA_USAGE = YES_ERROR;
				CLANG_WARN_EMPTY_BODY = YES;
				CLANG_WARN_ENUM_CONVERSION = YES;
				CLANG_WARN_INT_CONVERSION = YES;
				CLANG_WARN_OBJC_ROOT_CLASS = YES_ERROR;
				CLANG_WARN_UNREACHABLE_CODE = YES;
				CLANG_WARN__DUPLICATE_METHOD_MATCH = YES;
				"CODE_SIGN_IDENTITY[sdk=iphoneos*]" = "iPhone Developer";
				COPY_PHASE_STRIP = NO;
				DEBUG_INFORMATION_FORMAT = "dwarf-with-dsym";
				ENABLE_STRICT_OBJC_MSGSEND = YES;
				ENABLE_TESTABILITY = YES;
				GCC_C_LANGUAGE_STANDARD = gnu99;
				GCC_DYNAMIC_NO_PIC = NO;
				GCC_NO_COMMON_BLOCKS = YES;
				GCC_OPTIMIZATION_LEVEL = 0;
				GCC_PREPROCESSOR_DEFINITIONS = (
					"DEBUG=1",
					"$(inherited)",
				);
				GCC_SYMBOLS_PRIVATE_EXTERN = NO;
				GCC_WARN_64_TO_32_BIT_CONVERSION = YES;
				GCC_WARN_ABOUT_RETURN_TYPE = YES_ERROR;
				GCC_WARN_UNDECLARED_SELECTOR = YES;
				GCC_WARN_UNINITIALIZED_AUTOS = YES_AGGRESSIVE;
				GCC_WARN_UNUSED_FUNCTION = YES;
				GCC_WARN_UNUSED_VARIABLE = YES;
				IPHONEOS_DEPLOYMENT_TARGET = 8.3;
				MTL_ENABLE_DEBUG_INFO = YES;
				ONLY_ACTIVE_ARCH = YES;
				SDKROOT = iphoneos;
				SWIFT_OPTIMIZATION_LEVEL = "-Onone";
			};
			name = Debug;
		};
		2F9C35FB1BEC5AF600FF14B3 /* Release */ = {
			isa = XCBuildConfiguration;
			buildSettings = {
				ALWAYS_SEARCH_USER_PATHS = NO;
				CLANG_CXX_LANGUAGE_STANDARD = "gnu++0x";
				CLANG_CXX_LIBRARY = "libc++";
				CLANG_ENABLE_MODULES = YES;
				CLANG_ENABLE_OBJC_ARC = YES;
				CLANG_WARN_BOOL_CONVERSION = YES;
				CLANG_WARN_CONSTANT_CONVERSION = YES;
				CLANG_WARN_DIRECT_OBJC_ISA_USAGE = YES_ERROR;
				CLANG_WARN_EMPTY_BODY = YES;
				CLANG_WARN_ENUM_CONVERSION = YES;
				CLANG_WARN_INT_CONVERSION = YES;
				CLANG_WARN_OBJC_ROOT_CLASS = YES_ERROR;
				CLANG_WARN_UNREACHABLE_CODE = YES;
				CLANG_WARN__DUPLICATE_METHOD_MATCH = YES;
				"CODE_SIGN_IDENTITY[sdk=iphoneos*]" = "iPhone Developer";
				COPY_PHASE_STRIP = NO;
				DEBUG_INFORMATION_FORMAT = "dwarf-with-dsym";
				ENABLE_NS_ASSERTIONS = NO;
				ENABLE_STRICT_OBJC_MSGSEND = YES;
				GCC_C_LANGUAGE_STANDARD = gnu99;
				GCC_NO_COMMON_BLOCKS = YES;
				GCC_WARN_64_TO_32_BIT_CONVERSION = YES;
				GCC_WARN_ABOUT_RETURN_TYPE = YES_ERROR;
				GCC_WARN_UNDECLARED_SELECTOR = YES;
				GCC_WARN_UNINITIALIZED_AUTOS = YES_AGGRESSIVE;
				GCC_WARN_UNUSED_FUNCTION = YES;
				GCC_WARN_UNUSED_VARIABLE = YES;
				IPHONEOS_DEPLOYMENT_TARGET = 8.3;
				MTL_ENABLE_DEBUG_INFO = NO;
				SDKROOT = iphoneos;
				VALIDATE_PRODUCT = YES;
			};
			name = Release;
		};
		2F9C35FD1BEC5AF600FF14B3 /* Debug */ = {
			isa = XCBuildConfiguration;
			baseConfigurationReference = 953EC7B332A3AB3C57F7D14A /* Pods-PhysioGuide_7.debug.xcconfig */;
			buildSettings = {
				ASSETCATALOG_COMPILER_APPICON_NAME = AppIcon;
				CODE_SIGN_IDENTITY = "iPhone Developer";
				FRAMEWORK_SEARCH_PATHS = (
					"$(inherited)",
					"$(PROJECT_DIR)/Carthage/Build/iOS",
					"$(PROJECT_DIR)/build/Debug-iphoneos",
				);
				INFOPLIST_FILE = PhysioGuide_6.3_latest/Info.plist;
				IPHONEOS_DEPLOYMENT_TARGET = 8.1;
				LD_RUNPATH_SEARCH_PATHS = "$(inherited) @executable_path/Frameworks";
				PRODUCT_BUNDLE_IDENTIFIER = "com.teamSTAR.$(PRODUCT_NAME:rfc1034identifier)";
				PRODUCT_NAME = PhysioGuide_7;
			};
			name = Debug;
		};
		2F9C35FE1BEC5AF600FF14B3 /* Release */ = {
			isa = XCBuildConfiguration;
			baseConfigurationReference = 6E6B059F3445DA7741D68EF4 /* Pods-PhysioGuide_7.release.xcconfig */;
			buildSettings = {
				ASSETCATALOG_COMPILER_APPICON_NAME = AppIcon;
				CODE_SIGN_IDENTITY = "iPhone Developer";
				FRAMEWORK_SEARCH_PATHS = (
					"$(inherited)",
					"$(PROJECT_DIR)/Carthage/Build/iOS",
					"$(PROJECT_DIR)/build/Debug-iphoneos",
				);
				INFOPLIST_FILE = PhysioGuide_6.3_latest/Info.plist;
				IPHONEOS_DEPLOYMENT_TARGET = 8.1;
				LD_RUNPATH_SEARCH_PATHS = "$(inherited) @executable_path/Frameworks";
				PRODUCT_BUNDLE_IDENTIFIER = "com.teamSTAR.$(PRODUCT_NAME:rfc1034identifier)";
				PRODUCT_NAME = PhysioGuide_7;
			};
			name = Release;
		};
		2F9C36001BEC5AF600FF14B3 /* Debug */ = {
			isa = XCBuildConfiguration;
			buildSettings = {
				BUNDLE_LOADER = "$(TEST_HOST)";
				FRAMEWORK_SEARCH_PATHS = (
					"$(SDKROOT)/Developer/Library/Frameworks",
					"$(inherited)",
				);
				GCC_PREPROCESSOR_DEFINITIONS = (
					"DEBUG=1",
					"$(inherited)",
				);
				INFOPLIST_FILE = PhysioGuide_6.3_latestTests/Info.plist;
				LD_RUNPATH_SEARCH_PATHS = "$(inherited) @executable_path/Frameworks @loader_path/Frameworks";
				PRODUCT_BUNDLE_IDENTIFIER = "com.teamSTAR.$(PRODUCT_NAME:rfc1034identifier)";
				PRODUCT_NAME = PhysioGuide_7;
				TEST_HOST = "$(BUILT_PRODUCTS_DIR)/PhysioGuide_7.app/PhysioGuide_7";
			};
			name = Debug;
		};
		2F9C36011BEC5AF600FF14B3 /* Release */ = {
			isa = XCBuildConfiguration;
			buildSettings = {
				BUNDLE_LOADER = "$(TEST_HOST)";
				FRAMEWORK_SEARCH_PATHS = (
					"$(SDKROOT)/Developer/Library/Frameworks",
					"$(inherited)",
				);
				INFOPLIST_FILE = PhysioGuide_6.3_latestTests/Info.plist;
				LD_RUNPATH_SEARCH_PATHS = "$(inherited) @executable_path/Frameworks @loader_path/Frameworks";
				PRODUCT_BUNDLE_IDENTIFIER = "com.teamSTAR.$(PRODUCT_NAME:rfc1034identifier)";
				PRODUCT_NAME = PhysioGuide_7;
				TEST_HOST = "$(BUILT_PRODUCTS_DIR)/PhysioGuide_7.app/PhysioGuide_7";
			};
			name = Release;
		};
/* End XCBuildConfiguration section */

/* Begin XCConfigurationList section */
		2F9C35D81BEC5AF600FF14B3 /* Build configuration list for PBXProject "PhysioGuide_7" */ = {
			isa = XCConfigurationList;
			buildConfigurations = (
				2F9C35FA1BEC5AF600FF14B3 /* Debug */,
				2F9C35FB1BEC5AF600FF14B3 /* Release */,
			);
			defaultConfigurationIsVisible = 0;
			defaultConfigurationName = Release;
		};
		2F9C35FC1BEC5AF600FF14B3 /* Build configuration list for PBXNativeTarget "PhysioGuide_7" */ = {
			isa = XCConfigurationList;
			buildConfigurations = (
				2F9C35FD1BEC5AF600FF14B3 /* Debug */,
				2F9C35FE1BEC5AF600FF14B3 /* Release */,
			);
			defaultConfigurationIsVisible = 0;
			defaultConfigurationName = Release;
		};
		2F9C35FF1BEC5AF600FF14B3 /* Build configuration list for PBXNativeTarget "PhysioGuide_7Tests" */ = {
			isa = XCConfigurationList;
			buildConfigurations = (
				2F9C36001BEC5AF600FF14B3 /* Debug */,
				2F9C36011BEC5AF600FF14B3 /* Release */,
			);
			defaultConfigurationIsVisible = 0;
			defaultConfigurationName = Release;
		};
/* End XCConfigurationList section */
	};
	rootObject = 2F9C35D51BEC5AF600FF14B3 /* Project object */;
}
